// !$*UTF8*$!
{
	archiveVersion = 1;
	classes = {
	};
	objectVersion = 50;
	objects = {

/* Begin PBXBuildFile section */
		111E395325AD3F3800B143B3 /* circles.gif in Resources */ = {isa = PBXBuildFile; fileRef = 111E395225AD3F3800B143B3 /* circles.gif */; };
		111E395525AD3F6900B143B3 /* rounded_corner.gif in Resources */ = {isa = PBXBuildFile; fileRef = 111E395425AD3F6900B143B3 /* rounded_corner.gif */; };
		111E395725AD3FAE00B143B3 /* bezier_paths.gif in Resources */ = {isa = PBXBuildFile; fileRef = 111E395625AD3FAE00B143B3 /* bezier_paths.gif */; };
		111E395925AD3FFF00B143B3 /* cubic_bezier_curve.gif in Resources */ = {isa = PBXBuildFile; fileRef = 111E395825AD3FFF00B143B3 /* cubic_bezier_curve.gif */; };
		111E395B25AD402600B143B3 /* quadratic_bezier_curve.gif in Resources */ = {isa = PBXBuildFile; fileRef = 111E395A25AD402600B143B3 /* quadratic_bezier_curve.gif */; };
		111E395D25AD408500B143B3 /* ellipses.gif in Resources */ = {isa = PBXBuildFile; fileRef = 111E395C25AD408500B143B3 /* ellipses.gif */; };
		111E395F25AD40CB00B143B3 /* rectangles.gif in Resources */ = {isa = PBXBuildFile; fileRef = 111E395E25AD40CB00B143B3 /* rectangles.gif */; };
		1153F29E25E7A81E00901407 /* AccelerateViewController.m in Sources */ = {isa = PBXBuildFile; fileRef = 1153F29425E7A81E00901407 /* AccelerateViewController.m */; };
		1153F29F25E7A81E00901407 /* ImageProcessingEssentials.m in Sources */ = {isa = PBXBuildFile; fileRef = 1153F29825E7A81E00901407 /* ImageProcessingEssentials.m */; };
		1153F2A025E7A81E00901407 /* NeuralNetworks.m in Sources */ = {isa = PBXBuildFile; fileRef = 1153F29925E7A81E00901407 /* NeuralNetworks.m */; };
		1153F2A125E7A81E00901407 /* DirectoriesFilesDataArchives.m in Sources */ = {isa = PBXBuildFile; fileRef = 1153F29B25E7A81E00901407 /* DirectoriesFilesDataArchives.m */; };
		1153F2A225E7A81E00901407 /* Compression.m in Sources */ = {isa = PBXBuildFile; fileRef = 1153F29C25E7A81E00901407 /* Compression.m */; };
		1153F2B925E7A83200901407 /* equation01_2x_fabc9070-1967-4d6f-a086-17ab5fcfef6d.png in Resources */ = {isa = PBXBuildFile; fileRef = 1153F2A325E7A82F00901407 /* equation01_2x_fabc9070-1967-4d6f-a086-17ab5fcfef6d.png */; };
		1153F2BA25E7A83200901407 /* rendered2x-1603974051.png in Resources */ = {isa = PBXBuildFile; fileRef = 1153F2A425E7A82F00901407 /* rendered2x-1603974051.png */; };
		1153F2BB25E7A83200901407 /* rendered2x-1599231074.png in Resources */ = {isa = PBXBuildFile; fileRef = 1153F2A525E7A83000901407 /* rendered2x-1599231074.png */; };
		1153F2BC25E7A83200901407 /* rendered2x-1600699477.png in Resources */ = {isa = PBXBuildFile; fileRef = 1153F2A625E7A83000901407 /* rendered2x-1600699477.png */; };
		1153F2BD25E7A83200901407 /* rendered2x-1600340426.png in Resources */ = {isa = PBXBuildFile; fileRef = 1153F2A725E7A83000901407 /* rendered2x-1600340426.png */; };
		1153F2BE25E7A83200901407 /* rendered2x-1595837701.png in Resources */ = {isa = PBXBuildFile; fileRef = 1153F2A825E7A83000901407 /* rendered2x-1595837701.png */; };
		1153F2BF25E7A83200901407 /* rendered2x-1599152884.png in Resources */ = {isa = PBXBuildFile; fileRef = 1153F2A925E7A83000901407 /* rendered2x-1599152884.png */; };
		1153F2C025E7A83200901407 /* rendered2x-1599233327.png in Resources */ = {isa = PBXBuildFile; fileRef = 1153F2AA25E7A83000901407 /* rendered2x-1599233327.png */; };
		1153F2C125E7A83200901407 /* rendered2x-1599228724.png in Resources */ = {isa = PBXBuildFile; fileRef = 1153F2AB25E7A83000901407 /* rendered2x-1599228724.png */; };
		1153F2C225E7A83200901407 /* equation06_2x_7bc0c515-45dd-4adf-a3f1-426c6ef109f1.png in Resources */ = {isa = PBXBuildFile; fileRef = 1153F2AC25E7A83000901407 /* equation06_2x_7bc0c515-45dd-4adf-a3f1-426c6ef109f1.png */; };
		1153F2C325E7A83200901407 /* rendered2x-1599143539.png in Resources */ = {isa = PBXBuildFile; fileRef = 1153F2AD25E7A83100901407 /* rendered2x-1599143539.png */; };
		1153F2C425E7A83200901407 /* equation08_2x_1294061e-22f0-48f7-962a-51d31c17614f.png in Resources */ = {isa = PBXBuildFile; fileRef = 1153F2AE25E7A83100901407 /* equation08_2x_1294061e-22f0-48f7-962a-51d31c17614f.png */; };
		1153F2C525E7A83200901407 /* rendered2x-1597657781.png in Resources */ = {isa = PBXBuildFile; fileRef = 1153F2AF25E7A83100901407 /* rendered2x-1597657781.png */; };
		1153F2C625E7A83200901407 /* rendered2x-1600340452.png in Resources */ = {isa = PBXBuildFile; fileRef = 1153F2B025E7A83100901407 /* rendered2x-1600340452.png */; };
		1153F2C725E7A83200901407 /* rendered2x-1599228730.png in Resources */ = {isa = PBXBuildFile; fileRef = 1153F2B125E7A83100901407 /* rendered2x-1599228730.png */; };
		1153F2C825E7A83200901407 /* e0b05672-d091-417a-9371-26dc6546ed86.png in Resources */ = {isa = PBXBuildFile; fileRef = 1153F2B225E7A83100901407 /* e0b05672-d091-417a-9371-26dc6546ed86.png */; };
		1153F2C925E7A83200901407 /* rendered2x-1600340445.png in Resources */ = {isa = PBXBuildFile; fileRef = 1153F2B325E7A83100901407 /* rendered2x-1600340445.png */; };
		1153F2CA25E7A83200901407 /* rendered2x-1600340433.png in Resources */ = {isa = PBXBuildFile; fileRef = 1153F2B425E7A83100901407 /* rendered2x-1600340433.png */; };
		1153F2CB25E7A83200901407 /* rendered2x-1600340439.png in Resources */ = {isa = PBXBuildFile; fileRef = 1153F2B525E7A83100901407 /* rendered2x-1600340439.png */; };
		1153F2CC25E7A83200901407 /* rendered2x-1599233024.png in Resources */ = {isa = PBXBuildFile; fileRef = 1153F2B625E7A83200901407 /* rendered2x-1599233024.png */; };
		1153F2CD25E7A83200901407 /* rendered2x-1599151654.png in Resources */ = {isa = PBXBuildFile; fileRef = 1153F2B725E7A83200901407 /* rendered2x-1599151654.png */; };
		1153F2CE25E7A83200901407 /* rendered2x-1606811774.png in Resources */ = {isa = PBXBuildFile; fileRef = 1153F2B825E7A83200901407 /* rendered2x-1606811774.png */; };
		1171181125AC578D008D5674 /* painters_model.gif in Resources */ = {isa = PBXBuildFile; fileRef = 1171181025AC578D008D5674 /* painters_model.gif */; };
		1171181325AC5912008D5674 /* draw_destinations.gif in Resources */ = {isa = PBXBuildFile; fileRef = 1171181225AC5912008D5674 /* draw_destinations.gif */; };
		1171181525AC62A2008D5674 /* drawing_primitives.gif in Resources */ = {isa = PBXBuildFile; fileRef = 1171181425AC62A2008D5674 /* drawing_primitives.gif */; };
		1171181725AC63B5008D5674 /* graphics_state.png in Resources */ = {isa = PBXBuildFile; fileRef = 1171181625AC63B5008D5674 /* graphics_state.png */; };
		1171181925AC641A008D5674 /* quartz_coordinates.gif in Resources */ = {isa = PBXBuildFile; fileRef = 1171181825AC6419008D5674 /* quartz_coordinates.gif */; };
		1171181B25AC64BF008D5674 /* flipped_coordinates.jpg in Resources */ = {isa = PBXBuildFile; fileRef = 1171181A25AC64BF008D5674 /* flipped_coordinates.jpg */; };
		1171181D25AC6787008D5674 /* pdf_context_draw.gif in Resources */ = {isa = PBXBuildFile; fileRef = 1171181C25AC6787008D5674 /* pdf_context_draw.gif */; };
		1171181F25AC6BE0008D5674 /* cocoa_draw.gif in Resources */ = {isa = PBXBuildFile; fileRef = 1171181E25AC6BE0008D5674 /* cocoa_draw.gif */; };
		1171182125AC6C22008D5674 /* bitmap.png in Resources */ = {isa = PBXBuildFile; fileRef = 1171182025AC6C22008D5674 /* bitmap.png */; };
		1171182325AC6C78008D5674 /* antialias.jpg in Resources */ = {isa = PBXBuildFile; fileRef = 1171182225AC6C78008D5674 /* antialias.jpg */; };
		1171182525AC7351008D5674 /* path_vector_examples.gif in Resources */ = {isa = PBXBuildFile; fileRef = 1171182425AC7351008D5674 /* path_vector_examples.gif */; };
		1171182725AC739C008D5674 /* subpaths.gif in Resources */ = {isa = PBXBuildFile; fileRef = 1171182625AC739C008D5674 /* subpaths.gif */; };
		1171182925AC73B5008D5674 /* circle_clipping.gif in Resources */ = {isa = PBXBuildFile; fileRef = 1171182825AC73B5008D5674 /* circle_clipping.gif */; };
		11846B132580B72300D183A3 /* UIColor+Add.m in Sources */ = {isa = PBXBuildFile; fileRef = 11846B122580B72300D183A3 /* UIColor+Add.m */; };
		11C1B02325BFEAB000E6EDB1 /* AnimationViewController.m in Sources */ = {isa = PBXBuildFile; fileRef = 11C1B02225BFEAB000E6EDB1 /* AnimationViewController.m */; };
		11E60510257F493D004AE097 /* AppDelegate.m in Sources */ = {isa = PBXBuildFile; fileRef = 11E6050F257F493D004AE097 /* AppDelegate.m */; };
		11E60519257F493D004AE097 /* Main.storyboard in Resources */ = {isa = PBXBuildFile; fileRef = 11E60517257F493D004AE097 /* Main.storyboard */; };
		11E6051B257F493F004AE097 /* Assets.xcassets in Resources */ = {isa = PBXBuildFile; fileRef = 11E6051A257F493F004AE097 /* Assets.xcassets */; };
		11E6051E257F493F004AE097 /* LaunchScreen.storyboard in Resources */ = {isa = PBXBuildFile; fileRef = 11E6051C257F493F004AE097 /* LaunchScreen.storyboard */; };
		11E60521257F493F004AE097 /* main.m in Sources */ = {isa = PBXBuildFile; fileRef = 11E60520257F493F004AE097 /* main.m */; };
		11E6052B257F493F004AE097 /* CoreGraphicsTests.m in Sources */ = {isa = PBXBuildFile; fileRef = 11E6052A257F493F004AE097 /* CoreGraphicsTests.m */; };
		11E60536257F493F004AE097 /* CoreGraphicsUITests.m in Sources */ = {isa = PBXBuildFile; fileRef = 11E60535257F493F004AE097 /* CoreGraphicsUITests.m */; };
		11E60547257F4AAE004AE097 /* OpaqueTypes.m in Sources */ = {isa = PBXBuildFile; fileRef = 11E60546257F4AAE004AE097 /* OpaqueTypes.m */; };
		11E6054A257F4AC9004AE097 /* Services.m in Sources */ = {isa = PBXBuildFile; fileRef = 11E60549257F4AC9004AE097 /* Services.m */; };
		11E6054D257F4ADC004AE097 /* Reference.m in Sources */ = {isa = PBXBuildFile; fileRef = 11E6054C257F4ADC004AE097 /* Reference.m */; };
		11E60550257F4B64004AE097 /* CoreGraphicsController.m in Sources */ = {isa = PBXBuildFile; fileRef = 11E6054F257F4B64004AE097 /* CoreGraphicsController.m */; };
		11E60556257F62AC004AE097 /* DrawView.m in Sources */ = {isa = PBXBuildFile; fileRef = 11E60555257F62AC004AE097 /* DrawView.m */; };
		11E60559257F9866004AE097 /* OverviewOfQuartz2D.m in Sources */ = {isa = PBXBuildFile; fileRef = 11E60558257F9866004AE097 /* OverviewOfQuartz2D.m */; };
		11E6055C257F987B004AE097 /* GraphicsContexts.m in Sources */ = {isa = PBXBuildFile; fileRef = 11E6055B257F987B004AE097 /* GraphicsContexts.m */; };
		11E6055F257F9885004AE097 /* Paths.m in Sources */ = {isa = PBXBuildFile; fileRef = 11E6055E257F9885004AE097 /* Paths.m */; };
		11E60562257F989A004AE097 /* ColorAndColorSpaces.m in Sources */ = {isa = PBXBuildFile; fileRef = 11E60561257F989A004AE097 /* ColorAndColorSpaces.m */; };
		11E60565257F98A6004AE097 /* Transforms.m in Sources */ = {isa = PBXBuildFile; fileRef = 11E60564257F98A6004AE097 /* Transforms.m */; };
		11E60568257F98B5004AE097 /* Patterns.m in Sources */ = {isa = PBXBuildFile; fileRef = 11E60567257F98B5004AE097 /* Patterns.m */; };
		11E6056B257F98C0004AE097 /* Shadows.m in Sources */ = {isa = PBXBuildFile; fileRef = 11E6056A257F98C0004AE097 /* Shadows.m */; };
		11E6056E257F98CF004AE097 /* Gradients.m in Sources */ = {isa = PBXBuildFile; fileRef = 11E6056D257F98CF004AE097 /* Gradients.m */; };
		11E60571257F98E7004AE097 /* TransparencyLayers.m in Sources */ = {isa = PBXBuildFile; fileRef = 11E60570257F98E7004AE097 /* TransparencyLayers.m */; };
		11E60574257F9903004AE097 /* DataManagementInQuartz2D.m in Sources */ = {isa = PBXBuildFile; fileRef = 11E60573257F9903004AE097 /* DataManagementInQuartz2D.m */; };
		11E60577257F9921004AE097 /* BitmapImagesAndImageMasks.m in Sources */ = {isa = PBXBuildFile; fileRef = 11E60576257F9921004AE097 /* BitmapImagesAndImageMasks.m */; };
		11E6057A257F9939004AE097 /* CoreGraphicsLayerDrawing.m in Sources */ = {isa = PBXBuildFile; fileRef = 11E60579257F9939004AE097 /* CoreGraphicsLayerDrawing.m */; };
		11E6057D257F994B004AE097 /* PDFDocumentCreation.m in Sources */ = {isa = PBXBuildFile; fileRef = 11E6057C257F994B004AE097 /* PDFDocumentCreation.m */; };
		11E60580257F9965004AE097 /* PDFDocumentParsing.m in Sources */ = {isa = PBXBuildFile; fileRef = 11E6057F257F9965004AE097 /* PDFDocumentParsing.m */; };
		11E60583257F9996004AE097 /* PostScriptConversion.m in Sources */ = {isa = PBXBuildFile; fileRef = 11E60582257F9996004AE097 /* PostScriptConversion.m */; };
/* End PBXBuildFile section */

/* Begin PBXContainerItemProxy section */
		11E60527257F493F004AE097 /* PBXContainerItemProxy */ = {
			isa = PBXContainerItemProxy;
			containerPortal = 11E60503257F493D004AE097 /* Project object */;
			proxyType = 1;
			remoteGlobalIDString = 11E6050A257F493D004AE097;
			remoteInfo = CoreGraphics;
		};
		11E60532257F493F004AE097 /* PBXContainerItemProxy */ = {
			isa = PBXContainerItemProxy;
			containerPortal = 11E60503257F493D004AE097 /* Project object */;
			proxyType = 1;
			remoteGlobalIDString = 11E6050A257F493D004AE097;
			remoteInfo = CoreGraphics;
		};
/* End PBXContainerItemProxy section */

/* Begin PBXFileReference section */
		111E395225AD3F3800B143B3 /* circles.gif */ = {isa = PBXFileReference; lastKnownFileType = image.gif; path = circles.gif; sourceTree = "<group>"; };
		111E395425AD3F6900B143B3 /* rounded_corner.gif */ = {isa = PBXFileReference; lastKnownFileType = image.gif; path = rounded_corner.gif; sourceTree = "<group>"; };
		111E395625AD3FAE00B143B3 /* bezier_paths.gif */ = {isa = PBXFileReference; lastKnownFileType = image.gif; path = bezier_paths.gif; sourceTree = "<group>"; };
		111E395825AD3FFF00B143B3 /* cubic_bezier_curve.gif */ = {isa = PBXFileReference; lastKnownFileType = image.gif; path = cubic_bezier_curve.gif; sourceTree = "<group>"; };
		111E395A25AD402600B143B3 /* quadratic_bezier_curve.gif */ = {isa = PBXFileReference; lastKnownFileType = image.gif; path = quadratic_bezier_curve.gif; sourceTree = "<group>"; };
		111E395C25AD408500B143B3 /* ellipses.gif */ = {isa = PBXFileReference; lastKnownFileType = image.gif; path = ellipses.gif; sourceTree = "<group>"; };
		111E395E25AD40CB00B143B3 /* rectangles.gif */ = {isa = PBXFileReference; lastKnownFileType = image.gif; path = rectangles.gif; sourceTree = "<group>"; };
		1153F29425E7A81E00901407 /* AccelerateViewController.m */ = {isa = PBXFileReference; fileEncoding = 4; lastKnownFileType = sourcecode.c.objc; path = AccelerateViewController.m; sourceTree = "<group>"; };
		1153F29525E7A81E00901407 /* DirectoriesFilesDataArchives.h */ = {isa = PBXFileReference; fileEncoding = 4; lastKnownFileType = sourcecode.c.h; path = DirectoriesFilesDataArchives.h; sourceTree = "<group>"; };
		1153F29625E7A81E00901407 /* Compression.h */ = {isa = PBXFileReference; fileEncoding = 4; lastKnownFileType = sourcecode.c.h; path = Compression.h; sourceTree = "<group>"; };
		1153F29725E7A81E00901407 /* NeuralNetworks.h */ = {isa = PBXFileReference; fileEncoding = 4; lastKnownFileType = sourcecode.c.h; path = NeuralNetworks.h; sourceTree = "<group>"; };
		1153F29825E7A81E00901407 /* ImageProcessingEssentials.m */ = {isa = PBXFileReference; fileEncoding = 4; lastKnownFileType = sourcecode.c.objc; path = ImageProcessingEssentials.m; sourceTree = "<group>"; };
		1153F29925E7A81E00901407 /* NeuralNetworks.m */ = {isa = PBXFileReference; fileEncoding = 4; lastKnownFileType = sourcecode.c.objc; path = NeuralNetworks.m; sourceTree = "<group>"; };
		1153F29A25E7A81E00901407 /* ImageProcessingEssentials.h */ = {isa = PBXFileReference; fileEncoding = 4; lastKnownFileType = sourcecode.c.h; path = ImageProcessingEssentials.h; sourceTree = "<group>"; };
		1153F29B25E7A81E00901407 /* DirectoriesFilesDataArchives.m */ = {isa = PBXFileReference; fileEncoding = 4; lastKnownFileType = sourcecode.c.objc; path = DirectoriesFilesDataArchives.m; sourceTree = "<group>"; };
		1153F29C25E7A81E00901407 /* Compression.m */ = {isa = PBXFileReference; fileEncoding = 4; lastKnownFileType = sourcecode.c.objc; path = Compression.m; sourceTree = "<group>"; };
		1153F29D25E7A81E00901407 /* AccelerateViewController.h */ = {isa = PBXFileReference; fileEncoding = 4; lastKnownFileType = sourcecode.c.h; path = AccelerateViewController.h; sourceTree = "<group>"; };
		1153F2A325E7A82F00901407 /* equation01_2x_fabc9070-1967-4d6f-a086-17ab5fcfef6d.png */ = {isa = PBXFileReference; lastKnownFileType = image.png; path = "equation01_2x_fabc9070-1967-4d6f-a086-17ab5fcfef6d.png"; sourceTree = "<group>"; };
		1153F2A425E7A82F00901407 /* rendered2x-1603974051.png */ = {isa = PBXFileReference; lastKnownFileType = image.png; path = "rendered2x-1603974051.png"; sourceTree = "<group>"; };
		1153F2A525E7A83000901407 /* rendered2x-1599231074.png */ = {isa = PBXFileReference; lastKnownFileType = image.png; path = "rendered2x-1599231074.png"; sourceTree = "<group>"; };
		1153F2A625E7A83000901407 /* rendered2x-1600699477.png */ = {isa = PBXFileReference; lastKnownFileType = image.png; path = "rendered2x-1600699477.png"; sourceTree = "<group>"; };
		1153F2A725E7A83000901407 /* rendered2x-1600340426.png */ = {isa = PBXFileReference; lastKnownFileType = image.png; path = "rendered2x-1600340426.png"; sourceTree = "<group>"; };
		1153F2A825E7A83000901407 /* rendered2x-1595837701.png */ = {isa = PBXFileReference; lastKnownFileType = image.png; path = "rendered2x-1595837701.png"; sourceTree = "<group>"; };
		1153F2A925E7A83000901407 /* rendered2x-1599152884.png */ = {isa = PBXFileReference; lastKnownFileType = image.png; path = "rendered2x-1599152884.png"; sourceTree = "<group>"; };
		1153F2AA25E7A83000901407 /* rendered2x-1599233327.png */ = {isa = PBXFileReference; lastKnownFileType = image.png; path = "rendered2x-1599233327.png"; sourceTree = "<group>"; };
		1153F2AB25E7A83000901407 /* rendered2x-1599228724.png */ = {isa = PBXFileReference; lastKnownFileType = image.png; path = "rendered2x-1599228724.png"; sourceTree = "<group>"; };
		1153F2AC25E7A83000901407 /* equation06_2x_7bc0c515-45dd-4adf-a3f1-426c6ef109f1.png */ = {isa = PBXFileReference; lastKnownFileType = image.png; path = "equation06_2x_7bc0c515-45dd-4adf-a3f1-426c6ef109f1.png"; sourceTree = "<group>"; };
		1153F2AD25E7A83100901407 /* rendered2x-1599143539.png */ = {isa = PBXFileReference; lastKnownFileType = image.png; path = "rendered2x-1599143539.png"; sourceTree = "<group>"; };
		1153F2AE25E7A83100901407 /* equation08_2x_1294061e-22f0-48f7-962a-51d31c17614f.png */ = {isa = PBXFileReference; lastKnownFileType = image.png; path = "equation08_2x_1294061e-22f0-48f7-962a-51d31c17614f.png"; sourceTree = "<group>"; };
		1153F2AF25E7A83100901407 /* rendered2x-1597657781.png */ = {isa = PBXFileReference; lastKnownFileType = image.png; path = "rendered2x-1597657781.png"; sourceTree = "<group>"; };
		1153F2B025E7A83100901407 /* rendered2x-1600340452.png */ = {isa = PBXFileReference; lastKnownFileType = image.png; path = "rendered2x-1600340452.png"; sourceTree = "<group>"; };
		1153F2B125E7A83100901407 /* rendered2x-1599228730.png */ = {isa = PBXFileReference; lastKnownFileType = image.png; path = "rendered2x-1599228730.png"; sourceTree = "<group>"; };
		1153F2B225E7A83100901407 /* e0b05672-d091-417a-9371-26dc6546ed86.png */ = {isa = PBXFileReference; lastKnownFileType = image.png; path = "e0b05672-d091-417a-9371-26dc6546ed86.png"; sourceTree = "<group>"; };
		1153F2B325E7A83100901407 /* rendered2x-1600340445.png */ = {isa = PBXFileReference; lastKnownFileType = image.png; path = "rendered2x-1600340445.png"; sourceTree = "<group>"; };
		1153F2B425E7A83100901407 /* rendered2x-1600340433.png */ = {isa = PBXFileReference; lastKnownFileType = image.png; path = "rendered2x-1600340433.png"; sourceTree = "<group>"; };
		1153F2B525E7A83100901407 /* rendered2x-1600340439.png */ = {isa = PBXFileReference; lastKnownFileType = image.png; path = "rendered2x-1600340439.png"; sourceTree = "<group>"; };
		1153F2B625E7A83200901407 /* rendered2x-1599233024.png */ = {isa = PBXFileReference; lastKnownFileType = image.png; path = "rendered2x-1599233024.png"; sourceTree = "<group>"; };
		1153F2B725E7A83200901407 /* rendered2x-1599151654.png */ = {isa = PBXFileReference; lastKnownFileType = image.png; path = "rendered2x-1599151654.png"; sourceTree = "<group>"; };
		1153F2B825E7A83200901407 /* rendered2x-1606811774.png */ = {isa = PBXFileReference; lastKnownFileType = image.png; path = "rendered2x-1606811774.png"; sourceTree = "<group>"; };
		1171181025AC578D008D5674 /* painters_model.gif */ = {isa = PBXFileReference; lastKnownFileType = image.gif; path = painters_model.gif; sourceTree = "<group>"; };
		1171181225AC5912008D5674 /* draw_destinations.gif */ = {isa = PBXFileReference; lastKnownFileType = image.gif; path = draw_destinations.gif; sourceTree = "<group>"; };
		1171181425AC62A2008D5674 /* drawing_primitives.gif */ = {isa = PBXFileReference; lastKnownFileType = image.gif; path = drawing_primitives.gif; sourceTree = "<group>"; };
		1171181625AC63B5008D5674 /* graphics_state.png */ = {isa = PBXFileReference; lastKnownFileType = image.png; path = graphics_state.png; sourceTree = "<group>"; };
		1171181825AC6419008D5674 /* quartz_coordinates.gif */ = {isa = PBXFileReference; lastKnownFileType = image.gif; path = quartz_coordinates.gif; sourceTree = "<group>"; };
		1171181A25AC64BF008D5674 /* flipped_coordinates.jpg */ = {isa = PBXFileReference; lastKnownFileType = image.jpeg; path = flipped_coordinates.jpg; sourceTree = "<group>"; };
		1171181C25AC6787008D5674 /* pdf_context_draw.gif */ = {isa = PBXFileReference; lastKnownFileType = image.gif; path = pdf_context_draw.gif; sourceTree = "<group>"; };
		1171181E25AC6BE0008D5674 /* cocoa_draw.gif */ = {isa = PBXFileReference; lastKnownFileType = image.gif; path = cocoa_draw.gif; sourceTree = "<group>"; };
		1171182025AC6C22008D5674 /* bitmap.png */ = {isa = PBXFileReference; lastKnownFileType = image.png; path = bitmap.png; sourceTree = "<group>"; };
		1171182225AC6C78008D5674 /* antialias.jpg */ = {isa = PBXFileReference; lastKnownFileType = image.jpeg; path = antialias.jpg; sourceTree = "<group>"; };
		1171182425AC7351008D5674 /* path_vector_examples.gif */ = {isa = PBXFileReference; lastKnownFileType = image.gif; path = path_vector_examples.gif; sourceTree = "<group>"; };
		1171182625AC739C008D5674 /* subpaths.gif */ = {isa = PBXFileReference; lastKnownFileType = image.gif; path = subpaths.gif; sourceTree = "<group>"; };
		1171182825AC73B5008D5674 /* circle_clipping.gif */ = {isa = PBXFileReference; lastKnownFileType = image.gif; path = circle_clipping.gif; sourceTree = "<group>"; };
		11846B112580B72300D183A3 /* UIColor+Add.h */ = {isa = PBXFileReference; lastKnownFileType = sourcecode.c.h; path = "UIColor+Add.h"; sourceTree = "<group>"; };
		11846B122580B72300D183A3 /* UIColor+Add.m */ = {isa = PBXFileReference; lastKnownFileType = sourcecode.c.objc; path = "UIColor+Add.m"; sourceTree = "<group>"; };
		11C1B02125BFEAB000E6EDB1 /* AnimationViewController.h */ = {isa = PBXFileReference; lastKnownFileType = sourcecode.c.h; path = AnimationViewController.h; sourceTree = "<group>"; };
		11C1B02225BFEAB000E6EDB1 /* AnimationViewController.m */ = {isa = PBXFileReference; lastKnownFileType = sourcecode.c.objc; path = AnimationViewController.m; sourceTree = "<group>"; };
		11E6050B257F493D004AE097 /* CoreGraphics.app */ = {isa = PBXFileReference; explicitFileType = wrapper.application; includeInIndex = 0; path = CoreGraphics.app; sourceTree = BUILT_PRODUCTS_DIR; };
		11E6050E257F493D004AE097 /* AppDelegate.h */ = {isa = PBXFileReference; lastKnownFileType = sourcecode.c.h; path = AppDelegate.h; sourceTree = "<group>"; };
		11E6050F257F493D004AE097 /* AppDelegate.m */ = {isa = PBXFileReference; lastKnownFileType = sourcecode.c.objc; path = AppDelegate.m; sourceTree = "<group>"; };
		11E60518257F493D004AE097 /* Base */ = {isa = PBXFileReference; lastKnownFileType = file.storyboard; name = Base; path = Base.lproj/Main.storyboard; sourceTree = "<group>"; };
		11E6051A257F493F004AE097 /* Assets.xcassets */ = {isa = PBXFileReference; lastKnownFileType = folder.assetcatalog; path = Assets.xcassets; sourceTree = "<group>"; };
		11E6051D257F493F004AE097 /* Base */ = {isa = PBXFileReference; lastKnownFileType = file.storyboard; name = Base; path = Base.lproj/LaunchScreen.storyboard; sourceTree = "<group>"; };
		11E6051F257F493F004AE097 /* Info.plist */ = {isa = PBXFileReference; lastKnownFileType = text.plist.xml; path = Info.plist; sourceTree = "<group>"; };
		11E60520257F493F004AE097 /* main.m */ = {isa = PBXFileReference; lastKnownFileType = sourcecode.c.objc; path = main.m; sourceTree = "<group>"; };
		11E60526257F493F004AE097 /* CoreGraphicsTests.xctest */ = {isa = PBXFileReference; explicitFileType = wrapper.cfbundle; includeInIndex = 0; path = CoreGraphicsTests.xctest; sourceTree = BUILT_PRODUCTS_DIR; };
		11E6052A257F493F004AE097 /* CoreGraphicsTests.m */ = {isa = PBXFileReference; lastKnownFileType = sourcecode.c.objc; path = CoreGraphicsTests.m; sourceTree = "<group>"; };
		11E6052C257F493F004AE097 /* Info.plist */ = {isa = PBXFileReference; lastKnownFileType = text.plist.xml; path = Info.plist; sourceTree = "<group>"; };
		11E60531257F493F004AE097 /* CoreGraphicsUITests.xctest */ = {isa = PBXFileReference; explicitFileType = wrapper.cfbundle; includeInIndex = 0; path = CoreGraphicsUITests.xctest; sourceTree = BUILT_PRODUCTS_DIR; };
		11E60535257F493F004AE097 /* CoreGraphicsUITests.m */ = {isa = PBXFileReference; lastKnownFileType = sourcecode.c.objc; path = CoreGraphicsUITests.m; sourceTree = "<group>"; };
		11E60537257F493F004AE097 /* Info.plist */ = {isa = PBXFileReference; lastKnownFileType = text.plist.xml; path = Info.plist; sourceTree = "<group>"; };
		11E60545257F4AAE004AE097 /* OpaqueTypes.h */ = {isa = PBXFileReference; lastKnownFileType = sourcecode.c.h; path = OpaqueTypes.h; sourceTree = "<group>"; };
		11E60546257F4AAE004AE097 /* OpaqueTypes.m */ = {isa = PBXFileReference; lastKnownFileType = sourcecode.c.objc; path = OpaqueTypes.m; sourceTree = "<group>"; };
		11E60548257F4AC9004AE097 /* Services.h */ = {isa = PBXFileReference; lastKnownFileType = sourcecode.c.h; path = Services.h; sourceTree = "<group>"; };
		11E60549257F4AC9004AE097 /* Services.m */ = {isa = PBXFileReference; lastKnownFileType = sourcecode.c.objc; path = Services.m; sourceTree = "<group>"; };
		11E6054B257F4ADC004AE097 /* Reference.h */ = {isa = PBXFileReference; lastKnownFileType = sourcecode.c.h; path = Reference.h; sourceTree = "<group>"; };
		11E6054C257F4ADC004AE097 /* Reference.m */ = {isa = PBXFileReference; lastKnownFileType = sourcecode.c.objc; path = Reference.m; sourceTree = "<group>"; };
		11E6054E257F4B64004AE097 /* CoreGraphicsController.h */ = {isa = PBXFileReference; lastKnownFileType = sourcecode.c.h; path = CoreGraphicsController.h; sourceTree = "<group>"; };
		11E6054F257F4B64004AE097 /* CoreGraphicsController.m */ = {isa = PBXFileReference; lastKnownFileType = sourcecode.c.objc; path = CoreGraphicsController.m; sourceTree = "<group>"; };
		11E60554257F62AC004AE097 /* DrawView.h */ = {isa = PBXFileReference; lastKnownFileType = sourcecode.c.h; path = DrawView.h; sourceTree = "<group>"; };
		11E60555257F62AC004AE097 /* DrawView.m */ = {isa = PBXFileReference; lastKnownFileType = sourcecode.c.objc; path = DrawView.m; sourceTree = "<group>"; };
		11E60557257F9866004AE097 /* OverviewOfQuartz2D.h */ = {isa = PBXFileReference; lastKnownFileType = sourcecode.c.h; path = OverviewOfQuartz2D.h; sourceTree = "<group>"; };
		11E60558257F9866004AE097 /* OverviewOfQuartz2D.m */ = {isa = PBXFileReference; lastKnownFileType = sourcecode.c.objc; path = OverviewOfQuartz2D.m; sourceTree = "<group>"; };
		11E6055A257F987B004AE097 /* GraphicsContexts.h */ = {isa = PBXFileReference; lastKnownFileType = sourcecode.c.h; path = GraphicsContexts.h; sourceTree = "<group>"; };
		11E6055B257F987B004AE097 /* GraphicsContexts.m */ = {isa = PBXFileReference; lastKnownFileType = sourcecode.c.objc; path = GraphicsContexts.m; sourceTree = "<group>"; };
		11E6055D257F9885004AE097 /* Paths.h */ = {isa = PBXFileReference; lastKnownFileType = sourcecode.c.h; path = Paths.h; sourceTree = "<group>"; };
		11E6055E257F9885004AE097 /* Paths.m */ = {isa = PBXFileReference; lastKnownFileType = sourcecode.c.objc; path = Paths.m; sourceTree = "<group>"; };
		11E60560257F989A004AE097 /* ColorAndColorSpaces.h */ = {isa = PBXFileReference; lastKnownFileType = sourcecode.c.h; path = ColorAndColorSpaces.h; sourceTree = "<group>"; };
		11E60561257F989A004AE097 /* ColorAndColorSpaces.m */ = {isa = PBXFileReference; lastKnownFileType = sourcecode.c.objc; path = ColorAndColorSpaces.m; sourceTree = "<group>"; };
		11E60563257F98A6004AE097 /* Transforms.h */ = {isa = PBXFileReference; lastKnownFileType = sourcecode.c.h; path = Transforms.h; sourceTree = "<group>"; };
		11E60564257F98A6004AE097 /* Transforms.m */ = {isa = PBXFileReference; lastKnownFileType = sourcecode.c.objc; path = Transforms.m; sourceTree = "<group>"; };
		11E60566257F98B5004AE097 /* Patterns.h */ = {isa = PBXFileReference; lastKnownFileType = sourcecode.c.h; path = Patterns.h; sourceTree = "<group>"; };
		11E60567257F98B5004AE097 /* Patterns.m */ = {isa = PBXFileReference; lastKnownFileType = sourcecode.c.objc; path = Patterns.m; sourceTree = "<group>"; };
		11E60569257F98C0004AE097 /* Shadows.h */ = {isa = PBXFileReference; lastKnownFileType = sourcecode.c.h; path = Shadows.h; sourceTree = "<group>"; };
		11E6056A257F98C0004AE097 /* Shadows.m */ = {isa = PBXFileReference; lastKnownFileType = sourcecode.c.objc; path = Shadows.m; sourceTree = "<group>"; };
		11E6056C257F98CF004AE097 /* Gradients.h */ = {isa = PBXFileReference; lastKnownFileType = sourcecode.c.h; path = Gradients.h; sourceTree = "<group>"; };
		11E6056D257F98CF004AE097 /* Gradients.m */ = {isa = PBXFileReference; lastKnownFileType = sourcecode.c.objc; path = Gradients.m; sourceTree = "<group>"; };
		11E6056F257F98E7004AE097 /* TransparencyLayers.h */ = {isa = PBXFileReference; lastKnownFileType = sourcecode.c.h; path = TransparencyLayers.h; sourceTree = "<group>"; };
		11E60570257F98E7004AE097 /* TransparencyLayers.m */ = {isa = PBXFileReference; lastKnownFileType = sourcecode.c.objc; path = TransparencyLayers.m; sourceTree = "<group>"; };
		11E60572257F9903004AE097 /* DataManagementInQuartz2D.h */ = {isa = PBXFileReference; lastKnownFileType = sourcecode.c.h; path = DataManagementInQuartz2D.h; sourceTree = "<group>"; };
		11E60573257F9903004AE097 /* DataManagementInQuartz2D.m */ = {isa = PBXFileReference; lastKnownFileType = sourcecode.c.objc; path = DataManagementInQuartz2D.m; sourceTree = "<group>"; };
		11E60575257F9921004AE097 /* BitmapImagesAndImageMasks.h */ = {isa = PBXFileReference; lastKnownFileType = sourcecode.c.h; path = BitmapImagesAndImageMasks.h; sourceTree = "<group>"; };
		11E60576257F9921004AE097 /* BitmapImagesAndImageMasks.m */ = {isa = PBXFileReference; lastKnownFileType = sourcecode.c.objc; path = BitmapImagesAndImageMasks.m; sourceTree = "<group>"; };
		11E60578257F9939004AE097 /* CoreGraphicsLayerDrawing.h */ = {isa = PBXFileReference; lastKnownFileType = sourcecode.c.h; path = CoreGraphicsLayerDrawing.h; sourceTree = "<group>"; };
		11E60579257F9939004AE097 /* CoreGraphicsLayerDrawing.m */ = {isa = PBXFileReference; lastKnownFileType = sourcecode.c.objc; path = CoreGraphicsLayerDrawing.m; sourceTree = "<group>"; };
		11E6057B257F994B004AE097 /* PDFDocumentCreation.h */ = {isa = PBXFileReference; lastKnownFileType = sourcecode.c.h; path = PDFDocumentCreation.h; sourceTree = "<group>"; };
		11E6057C257F994B004AE097 /* PDFDocumentCreation.m */ = {isa = PBXFileReference; lastKnownFileType = sourcecode.c.objc; path = PDFDocumentCreation.m; sourceTree = "<group>"; };
		11E6057E257F9965004AE097 /* PDFDocumentParsing.h */ = {isa = PBXFileReference; lastKnownFileType = sourcecode.c.h; path = PDFDocumentParsing.h; sourceTree = "<group>"; };
		11E6057F257F9965004AE097 /* PDFDocumentParsing.m */ = {isa = PBXFileReference; lastKnownFileType = sourcecode.c.objc; path = PDFDocumentParsing.m; sourceTree = "<group>"; };
		11E60581257F9996004AE097 /* PostScriptConversion.h */ = {isa = PBXFileReference; lastKnownFileType = sourcecode.c.h; path = PostScriptConversion.h; sourceTree = "<group>"; };
		11E60582257F9996004AE097 /* PostScriptConversion.m */ = {isa = PBXFileReference; lastKnownFileType = sourcecode.c.objc; path = PostScriptConversion.m; sourceTree = "<group>"; };
/* End PBXFileReference section */

/* Begin PBXFrameworksBuildPhase section */
		11E60508257F493D004AE097 /* Frameworks */ = {
			isa = PBXFrameworksBuildPhase;
			buildActionMask = 2147483647;
			files = (
			);
			runOnlyForDeploymentPostprocessing = 0;
		};
		11E60523257F493F004AE097 /* Frameworks */ = {
			isa = PBXFrameworksBuildPhase;
			buildActionMask = 2147483647;
			files = (
			);
			runOnlyForDeploymentPostprocessing = 0;
		};
		11E6052E257F493F004AE097 /* Frameworks */ = {
			isa = PBXFrameworksBuildPhase;
			buildActionMask = 2147483647;
			files = (
			);
			runOnlyForDeploymentPostprocessing = 0;
		};
/* End PBXFrameworksBuildPhase section */

/* Begin PBXGroup section */
		1153F29325E7A80300901407 /* Accelerate */ = {
			isa = PBXGroup;
			children = (
				1153F29D25E7A81E00901407 /* AccelerateViewController.h */,
				1153F29425E7A81E00901407 /* AccelerateViewController.m */,
				1153F29725E7A81E00901407 /* NeuralNetworks.h */,
				1153F29925E7A81E00901407 /* NeuralNetworks.m */,
				1153F29525E7A81E00901407 /* DirectoriesFilesDataArchives.h */,
				1153F29B25E7A81E00901407 /* DirectoriesFilesDataArchives.m */,
				1153F29625E7A81E00901407 /* Compression.h */,
				1153F29C25E7A81E00901407 /* Compression.m */,
				1153F29A25E7A81E00901407 /* ImageProcessingEssentials.h */,
				1153F29825E7A81E00901407 /* ImageProcessingEssentials.m */,
				1153F2B225E7A83100901407 /* e0b05672-d091-417a-9371-26dc6546ed86.png */,
				1153F2A325E7A82F00901407 /* equation01_2x_fabc9070-1967-4d6f-a086-17ab5fcfef6d.png */,
				1153F2AC25E7A83000901407 /* equation06_2x_7bc0c515-45dd-4adf-a3f1-426c6ef109f1.png */,
				1153F2AE25E7A83100901407 /* equation08_2x_1294061e-22f0-48f7-962a-51d31c17614f.png */,
				1153F2A825E7A83000901407 /* rendered2x-1595837701.png */,
				1153F2AF25E7A83100901407 /* rendered2x-1597657781.png */,
				1153F2AD25E7A83100901407 /* rendered2x-1599143539.png */,
				1153F2B725E7A83200901407 /* rendered2x-1599151654.png */,
				1153F2A925E7A83000901407 /* rendered2x-1599152884.png */,
				1153F2AB25E7A83000901407 /* rendered2x-1599228724.png */,
				1153F2B125E7A83100901407 /* rendered2x-1599228730.png */,
				1153F2A525E7A83000901407 /* rendered2x-1599231074.png */,
				1153F2B625E7A83200901407 /* rendered2x-1599233024.png */,
				1153F2AA25E7A83000901407 /* rendered2x-1599233327.png */,
				1153F2A725E7A83000901407 /* rendered2x-1600340426.png */,
				1153F2B425E7A83100901407 /* rendered2x-1600340433.png */,
				1153F2B525E7A83100901407 /* rendered2x-1600340439.png */,
				1153F2B325E7A83100901407 /* rendered2x-1600340445.png */,
				1153F2B025E7A83100901407 /* rendered2x-1600340452.png */,
				1153F2A625E7A83000901407 /* rendered2x-1600699477.png */,
				1153F2A425E7A82F00901407 /* rendered2x-1603974051.png */,
				1153F2B825E7A83200901407 /* rendered2x-1606811774.png */,
			);
			path = Accelerate;
			sourceTree = "<group>";
		};
		1153F2CF25E7C45000901407 /* CoreImage */ = {
			isa = PBXGroup;
			children = (
			);
			path = CoreImage;
			sourceTree = "<group>";
		};
		11E60502257F493D004AE097 = {
			isa = PBXGroup;
			children = (
				11E6050D257F493D004AE097 /* CoreGraphics */,
				11E60529257F493F004AE097 /* CoreGraphicsTests */,
				11E60534257F493F004AE097 /* CoreGraphicsUITests */,
				11E6050C257F493D004AE097 /* Products */,
			);
			sourceTree = "<group>";
		};
		11E6050C257F493D004AE097 /* Products */ = {
			isa = PBXGroup;
			children = (
				11E6050B257F493D004AE097 /* CoreGraphics.app */,
				11E60526257F493F004AE097 /* CoreGraphicsTests.xctest */,
				11E60531257F493F004AE097 /* CoreGraphicsUITests.xctest */,
			);
			name = Products;
			sourceTree = "<group>";
		};
		11E6050D257F493D004AE097 /* CoreGraphics */ = {
			isa = PBXGroup;
			children = (
				1153F2CF25E7C45000901407 /* CoreImage */,
				1153F29325E7A80300901407 /* Accelerate */,
				11E60544257F49B9004AE097 /* QuartzCore */,
				11E60543257F49A7004AE097 /* CoreGraphics */,
				11E6050E257F493D004AE097 /* AppDelegate.h */,
				11E6050F257F493D004AE097 /* AppDelegate.m */,
				11E60517257F493D004AE097 /* Main.storyboard */,
				11E6051A257F493F004AE097 /* Assets.xcassets */,
				11E6051C257F493F004AE097 /* LaunchScreen.storyboard */,
				11E6051F257F493F004AE097 /* Info.plist */,
				11E60520257F493F004AE097 /* main.m */,
			);
			path = CoreGraphics;
			sourceTree = "<group>";
		};
		11E60529257F493F004AE097 /* CoreGraphicsTests */ = {
			isa = PBXGroup;
			children = (
				11E6052A257F493F004AE097 /* CoreGraphicsTests.m */,
				11E6052C257F493F004AE097 /* Info.plist */,
			);
			path = CoreGraphicsTests;
			sourceTree = "<group>";
		};
		11E60534257F493F004AE097 /* CoreGraphicsUITests */ = {
			isa = PBXGroup;
			children = (
				11E60535257F493F004AE097 /* CoreGraphicsUITests.m */,
				11E60537257F493F004AE097 /* Info.plist */,
			);
			path = CoreGraphicsUITests;
			sourceTree = "<group>";
		};
		11E60543257F49A7004AE097 /* CoreGraphics */ = {
			isa = PBXGroup;
			children = (
				11E6054E257F4B64004AE097 /* CoreGraphicsController.h */,
				11E6054F257F4B64004AE097 /* CoreGraphicsController.m */,
				11C1B02125BFEAB000E6EDB1 /* AnimationViewController.h */,
				11C1B02225BFEAB000E6EDB1 /* AnimationViewController.m */,
				11E60545257F4AAE004AE097 /* OpaqueTypes.h */,
				11E60546257F4AAE004AE097 /* OpaqueTypes.m */,
				11E60548257F4AC9004AE097 /* Services.h */,
				11E60549257F4AC9004AE097 /* Services.m */,
				11E6054B257F4ADC004AE097 /* Reference.h */,
				11E6054C257F4ADC004AE097 /* Reference.m */,
				11E60554257F62AC004AE097 /* DrawView.h */,
				11E60555257F62AC004AE097 /* DrawView.m */,
				11846B112580B72300D183A3 /* UIColor+Add.h */,
				11846B122580B72300D183A3 /* UIColor+Add.m */,
			);
			path = CoreGraphics;
			sourceTree = "<group>";
		};
		11E60544257F49B9004AE097 /* QuartzCore */ = {
			isa = PBXGroup;
			children = (
				11E60557257F9866004AE097 /* OverviewOfQuartz2D.h */,
				11E60558257F9866004AE097 /* OverviewOfQuartz2D.m */,
				11E6055A257F987B004AE097 /* GraphicsContexts.h */,
				11E6055B257F987B004AE097 /* GraphicsContexts.m */,
				11E6055D257F9885004AE097 /* Paths.h */,
				11E6055E257F9885004AE097 /* Paths.m */,
				11E60560257F989A004AE097 /* ColorAndColorSpaces.h */,
				11E60561257F989A004AE097 /* ColorAndColorSpaces.m */,
				11E60563257F98A6004AE097 /* Transforms.h */,
				11E60564257F98A6004AE097 /* Transforms.m */,
				11E60566257F98B5004AE097 /* Patterns.h */,
				11E60567257F98B5004AE097 /* Patterns.m */,
				11E60569257F98C0004AE097 /* Shadows.h */,
				11E6056A257F98C0004AE097 /* Shadows.m */,
				11E6056C257F98CF004AE097 /* Gradients.h */,
				11E6056D257F98CF004AE097 /* Gradients.m */,
				11E6056F257F98E7004AE097 /* TransparencyLayers.h */,
				11E60570257F98E7004AE097 /* TransparencyLayers.m */,
				11E60572257F9903004AE097 /* DataManagementInQuartz2D.h */,
				11E60573257F9903004AE097 /* DataManagementInQuartz2D.m */,
				11E60575257F9921004AE097 /* BitmapImagesAndImageMasks.h */,
				11E60576257F9921004AE097 /* BitmapImagesAndImageMasks.m */,
				11E60578257F9939004AE097 /* CoreGraphicsLayerDrawing.h */,
				11E60579257F9939004AE097 /* CoreGraphicsLayerDrawing.m */,
				11E6057B257F994B004AE097 /* PDFDocumentCreation.h */,
				11E6057C257F994B004AE097 /* PDFDocumentCreation.m */,
				11E6057E257F9965004AE097 /* PDFDocumentParsing.h */,
				11E6057F257F9965004AE097 /* PDFDocumentParsing.m */,
				11E60581257F9996004AE097 /* PostScriptConversion.h */,
				11E60582257F9996004AE097 /* PostScriptConversion.m */,
				111E395E25AD40CB00B143B3 /* rectangles.gif */,
				111E395C25AD408500B143B3 /* ellipses.gif */,
				111E395A25AD402600B143B3 /* quadratic_bezier_curve.gif */,
				111E395825AD3FFF00B143B3 /* cubic_bezier_curve.gif */,
				111E395625AD3FAE00B143B3 /* bezier_paths.gif */,
				111E395425AD3F6900B143B3 /* rounded_corner.gif */,
				111E395225AD3F3800B143B3 /* circles.gif */,
				1171182825AC73B5008D5674 /* circle_clipping.gif */,
				1171182625AC739C008D5674 /* subpaths.gif */,
				1171182425AC7351008D5674 /* path_vector_examples.gif */,
				1171182225AC6C78008D5674 /* antialias.jpg */,
				1171182025AC6C22008D5674 /* bitmap.png */,
				1171181E25AC6BE0008D5674 /* cocoa_draw.gif */,
				1171181C25AC6787008D5674 /* pdf_context_draw.gif */,
				1171181A25AC64BF008D5674 /* flipped_coordinates.jpg */,
				1171181825AC6419008D5674 /* quartz_coordinates.gif */,
				1171181625AC63B5008D5674 /* graphics_state.png */,
				1171181425AC62A2008D5674 /* drawing_primitives.gif */,
				1171181225AC5912008D5674 /* draw_destinations.gif */,
				1171181025AC578D008D5674 /* painters_model.gif */,
			);
			path = QuartzCore;
			sourceTree = "<group>";
		};
/* End PBXGroup section */

/* Begin PBXNativeTarget section */
		11E6050A257F493D004AE097 /* CoreGraphics */ = {
			isa = PBXNativeTarget;
			buildConfigurationList = 11E6053A257F493F004AE097 /* Build configuration list for PBXNativeTarget "CoreGraphics" */;
			buildPhases = (
				11E60507257F493D004AE097 /* Sources */,
				11E60508257F493D004AE097 /* Frameworks */,
				11E60509257F493D004AE097 /* Resources */,
			);
			buildRules = (
			);
			dependencies = (
			);
			name = CoreGraphics;
			productName = CoreGraphics;
			productReference = 11E6050B257F493D004AE097 /* CoreGraphics.app */;
			productType = "com.apple.product-type.application";
		};
		11E60525257F493F004AE097 /* CoreGraphicsTests */ = {
			isa = PBXNativeTarget;
			buildConfigurationList = 11E6053D257F493F004AE097 /* Build configuration list for PBXNativeTarget "CoreGraphicsTests" */;
			buildPhases = (
				11E60522257F493F004AE097 /* Sources */,
				11E60523257F493F004AE097 /* Frameworks */,
				11E60524257F493F004AE097 /* Resources */,
			);
			buildRules = (
			);
			dependencies = (
				11E60528257F493F004AE097 /* PBXTargetDependency */,
			);
			name = CoreGraphicsTests;
			productName = CoreGraphicsTests;
			productReference = 11E60526257F493F004AE097 /* CoreGraphicsTests.xctest */;
			productType = "com.apple.product-type.bundle.unit-test";
		};
		11E60530257F493F004AE097 /* CoreGraphicsUITests */ = {
			isa = PBXNativeTarget;
			buildConfigurationList = 11E60540257F493F004AE097 /* Build configuration list for PBXNativeTarget "CoreGraphicsUITests" */;
			buildPhases = (
				11E6052D257F493F004AE097 /* Sources */,
				11E6052E257F493F004AE097 /* Frameworks */,
				11E6052F257F493F004AE097 /* Resources */,
			);
			buildRules = (
			);
			dependencies = (
				11E60533257F493F004AE097 /* PBXTargetDependency */,
			);
			name = CoreGraphicsUITests;
			productName = CoreGraphicsUITests;
			productReference = 11E60531257F493F004AE097 /* CoreGraphicsUITests.xctest */;
			productType = "com.apple.product-type.bundle.ui-testing";
		};
/* End PBXNativeTarget section */

/* Begin PBXProject section */
		11E60503257F493D004AE097 /* Project object */ = {
			isa = PBXProject;
			attributes = {
				LastUpgradeCheck = 1150;
				ORGANIZATIONNAME = tigerfly;
				TargetAttributes = {
					11E6050A257F493D004AE097 = {
						CreatedOnToolsVersion = 11.5;
					};
					11E60525257F493F004AE097 = {
						CreatedOnToolsVersion = 11.5;
						TestTargetID = 11E6050A257F493D004AE097;
					};
					11E60530257F493F004AE097 = {
						CreatedOnToolsVersion = 11.5;
						TestTargetID = 11E6050A257F493D004AE097;
					};
				};
			};
			buildConfigurationList = 11E60506257F493D004AE097 /* Build configuration list for PBXProject "CoreGraphics" */;
			compatibilityVersion = "Xcode 9.3";
			developmentRegion = en;
			hasScannedForEncodings = 0;
			knownRegions = (
				en,
				Base,
			);
			mainGroup = 11E60502257F493D004AE097;
			productRefGroup = 11E6050C257F493D004AE097 /* Products */;
			projectDirPath = "";
			projectRoot = "";
			targets = (
				11E6050A257F493D004AE097 /* CoreGraphics */,
				11E60525257F493F004AE097 /* CoreGraphicsTests */,
				11E60530257F493F004AE097 /* CoreGraphicsUITests */,
			);
		};
/* End PBXProject section */

/* Begin PBXResourcesBuildPhase section */
		11E60509257F493D004AE097 /* Resources */ = {
			isa = PBXResourcesBuildPhase;
			buildActionMask = 2147483647;
			files = (
				1171181125AC578D008D5674 /* painters_model.gif in Resources */,
				11E6051E257F493F004AE097 /* LaunchScreen.storyboard in Resources */,
				1153F2C725E7A83200901407 /* rendered2x-1599228730.png in Resources */,
				11E6051B257F493F004AE097 /* Assets.xcassets in Resources */,
				1153F2C025E7A83200901407 /* rendered2x-1599233327.png in Resources */,
				1171181925AC641A008D5674 /* quartz_coordinates.gif in Resources */,
				1171181525AC62A2008D5674 /* drawing_primitives.gif in Resources */,
				111E395325AD3F3800B143B3 /* circles.gif in Resources */,
				1171181D25AC6787008D5674 /* pdf_context_draw.gif in Resources */,
				1153F2BB25E7A83200901407 /* rendered2x-1599231074.png in Resources */,
				1153F2CD25E7A83200901407 /* rendered2x-1599151654.png in Resources */,
				1153F2BE25E7A83200901407 /* rendered2x-1595837701.png in Resources */,
				1153F2C825E7A83200901407 /* e0b05672-d091-417a-9371-26dc6546ed86.png in Resources */,
				1171182325AC6C78008D5674 /* antialias.jpg in Resources */,
				111E395925AD3FFF00B143B3 /* cubic_bezier_curve.gif in Resources */,
				1171181F25AC6BE0008D5674 /* cocoa_draw.gif in Resources */,
				111E395525AD3F6900B143B3 /* rounded_corner.gif in Resources */,
				1153F2CE25E7A83200901407 /* rendered2x-1606811774.png in Resources */,
				1171181725AC63B5008D5674 /* graphics_state.png in Resources */,
				1171182125AC6C22008D5674 /* bitmap.png in Resources */,
				1153F2BD25E7A83200901407 /* rendered2x-1600340426.png in Resources */,
				1153F2BF25E7A83200901407 /* rendered2x-1599152884.png in Resources */,
				11E60519257F493D004AE097 /* Main.storyboard in Resources */,
				1153F2C225E7A83200901407 /* equation06_2x_7bc0c515-45dd-4adf-a3f1-426c6ef109f1.png in Resources */,
				1171181325AC5912008D5674 /* draw_destinations.gif in Resources */,
				1171182725AC739C008D5674 /* subpaths.gif in Resources */,
				111E395725AD3FAE00B143B3 /* bezier_paths.gif in Resources */,
				1153F2C325E7A83200901407 /* rendered2x-1599143539.png in Resources */,
				1153F2C525E7A83200901407 /* rendered2x-1597657781.png in Resources */,
				111E395D25AD408500B143B3 /* ellipses.gif in Resources */,
				1171181B25AC64BF008D5674 /* flipped_coordinates.jpg in Resources */,
				1153F2BA25E7A83200901407 /* rendered2x-1603974051.png in Resources */,
				1153F2CB25E7A83200901407 /* rendered2x-1600340439.png in Resources */,
				1153F2C425E7A83200901407 /* equation08_2x_1294061e-22f0-48f7-962a-51d31c17614f.png in Resources */,
				111E395F25AD40CB00B143B3 /* rectangles.gif in Resources */,
				1171182925AC73B5008D5674 /* circle_clipping.gif in Resources */,
				1171182525AC7351008D5674 /* path_vector_examples.gif in Resources */,
				1153F2C625E7A83200901407 /* rendered2x-1600340452.png in Resources */,
				1153F2CC25E7A83200901407 /* rendered2x-1599233024.png in Resources */,
				1153F2BC25E7A83200901407 /* rendered2x-1600699477.png in Resources */,
				1153F2C125E7A83200901407 /* rendered2x-1599228724.png in Resources */,
				1153F2B925E7A83200901407 /* equation01_2x_fabc9070-1967-4d6f-a086-17ab5fcfef6d.png in Resources */,
				111E395B25AD402600B143B3 /* quadratic_bezier_curve.gif in Resources */,
				1153F2CA25E7A83200901407 /* rendered2x-1600340433.png in Resources */,
				1153F2C925E7A83200901407 /* rendered2x-1600340445.png in Resources */,
			);
			runOnlyForDeploymentPostprocessing = 0;
		};
		11E60524257F493F004AE097 /* Resources */ = {
			isa = PBXResourcesBuildPhase;
			buildActionMask = 2147483647;
			files = (
			);
			runOnlyForDeploymentPostprocessing = 0;
		};
		11E6052F257F493F004AE097 /* Resources */ = {
			isa = PBXResourcesBuildPhase;
			buildActionMask = 2147483647;
			files = (
			);
			runOnlyForDeploymentPostprocessing = 0;
		};
/* End PBXResourcesBuildPhase section */

/* Begin PBXSourcesBuildPhase section */
		11E60507257F493D004AE097 /* Sources */ = {
			isa = PBXSourcesBuildPhase;
			buildActionMask = 2147483647;
			files = (
				11E60559257F9866004AE097 /* OverviewOfQuartz2D.m in Sources */,
				1153F2A225E7A81E00901407 /* Compression.m in Sources */,
				11E60568257F98B5004AE097 /* Patterns.m in Sources */,
				11E60547257F4AAE004AE097 /* OpaqueTypes.m in Sources */,
				11C1B02325BFEAB000E6EDB1 /* AnimationViewController.m in Sources */,
				11E6056B257F98C0004AE097 /* Shadows.m in Sources */,
				11E60565257F98A6004AE097 /* Transforms.m in Sources */,
				11E6057A257F9939004AE097 /* CoreGraphicsLayerDrawing.m in Sources */,
				11E60574257F9903004AE097 /* DataManagementInQuartz2D.m in Sources */,
				11E6056E257F98CF004AE097 /* Gradients.m in Sources */,
				1153F29E25E7A81E00901407 /* AccelerateViewController.m in Sources */,
				11846B132580B72300D183A3 /* UIColor+Add.m in Sources */,
				11E6055F257F9885004AE097 /* Paths.m in Sources */,
				11E6055C257F987B004AE097 /* GraphicsContexts.m in Sources */,
				11E6054A257F4AC9004AE097 /* Services.m in Sources */,
				1153F2A025E7A81E00901407 /* NeuralNetworks.m in Sources */,
				11E60571257F98E7004AE097 /* TransparencyLayers.m in Sources */,
				11E6054D257F4ADC004AE097 /* Reference.m in Sources */,
				11E60510257F493D004AE097 /* AppDelegate.m in Sources */,
				1153F29F25E7A81E00901407 /* ImageProcessingEssentials.m in Sources */,
				11E60583257F9996004AE097 /* PostScriptConversion.m in Sources */,
				1153F2A125E7A81E00901407 /* DirectoriesFilesDataArchives.m in Sources */,
				11E60562257F989A004AE097 /* ColorAndColorSpaces.m in Sources */,
				11E60577257F9921004AE097 /* BitmapImagesAndImageMasks.m in Sources */,
				11E60556257F62AC004AE097 /* DrawView.m in Sources */,
				11E60521257F493F004AE097 /* main.m in Sources */,
				11E6057D257F994B004AE097 /* PDFDocumentCreation.m in Sources */,
				11E60550257F4B64004AE097 /* CoreGraphicsController.m in Sources */,
				11E60580257F9965004AE097 /* PDFDocumentParsing.m in Sources */,
			);
			runOnlyForDeploymentPostprocessing = 0;
		};
		11E60522257F493F004AE097 /* Sources */ = {
			isa = PBXSourcesBuildPhase;
			buildActionMask = 2147483647;
			files = (
				11E6052B257F493F004AE097 /* CoreGraphicsTests.m in Sources */,
			);
			runOnlyForDeploymentPostprocessing = 0;
		};
		11E6052D257F493F004AE097 /* Sources */ = {
			isa = PBXSourcesBuildPhase;
			buildActionMask = 2147483647;
			files = (
				11E60536257F493F004AE097 /* CoreGraphicsUITests.m in Sources */,
			);
			runOnlyForDeploymentPostprocessing = 0;
		};
/* End PBXSourcesBuildPhase section */

/* Begin PBXTargetDependency section */
		11E60528257F493F004AE097 /* PBXTargetDependency */ = {
			isa = PBXTargetDependency;
			target = 11E6050A257F493D004AE097 /* CoreGraphics */;
			targetProxy = 11E60527257F493F004AE097 /* PBXContainerItemProxy */;
		};
		11E60533257F493F004AE097 /* PBXTargetDependency */ = {
			isa = PBXTargetDependency;
			target = 11E6050A257F493D004AE097 /* CoreGraphics */;
			targetProxy = 11E60532257F493F004AE097 /* PBXContainerItemProxy */;
		};
/* End PBXTargetDependency section */

/* Begin PBXVariantGroup section */
		11E60517257F493D004AE097 /* Main.storyboard */ = {
			isa = PBXVariantGroup;
			children = (
				11E60518257F493D004AE097 /* Base */,
			);
			name = Main.storyboard;
			sourceTree = "<group>";
		};
		11E6051C257F493F004AE097 /* LaunchScreen.storyboard */ = {
			isa = PBXVariantGroup;
			children = (
				11E6051D257F493F004AE097 /* Base */,
			);
			name = LaunchScreen.storyboard;
			sourceTree = "<group>";
		};
/* End PBXVariantGroup section */

/* Begin XCBuildConfiguration section */
		11E60538257F493F004AE097 /* Debug */ = {
			isa = XCBuildConfiguration;
			buildSettings = {
				ALWAYS_SEARCH_USER_PATHS = NO;
				CLANG_ANALYZER_NONNULL = YES;
				CLANG_ANALYZER_NUMBER_OBJECT_CONVERSION = YES_AGGRESSIVE;
				CLANG_CXX_LANGUAGE_STANDARD = "gnu++14";
				CLANG_CXX_LIBRARY = "libc++";
				CLANG_ENABLE_MODULES = YES;
				CLANG_ENABLE_OBJC_ARC = YES;
				CLANG_ENABLE_OBJC_WEAK = YES;
				CLANG_WARN_BLOCK_CAPTURE_AUTORELEASING = YES;
				CLANG_WARN_BOOL_CONVERSION = YES;
				CLANG_WARN_COMMA = YES;
				CLANG_WARN_CONSTANT_CONVERSION = YES;
				CLANG_WARN_DEPRECATED_OBJC_IMPLEMENTATIONS = YES;
				CLANG_WARN_DIRECT_OBJC_ISA_USAGE = YES_ERROR;
				CLANG_WARN_DOCUMENTATION_COMMENTS = YES;
				CLANG_WARN_EMPTY_BODY = YES;
				CLANG_WARN_ENUM_CONVERSION = YES;
				CLANG_WARN_INFINITE_RECURSION = YES;
				CLANG_WARN_INT_CONVERSION = YES;
				CLANG_WARN_NON_LITERAL_NULL_CONVERSION = YES;
				CLANG_WARN_OBJC_IMPLICIT_RETAIN_SELF = YES;
				CLANG_WARN_OBJC_LITERAL_CONVERSION = YES;
				CLANG_WARN_OBJC_ROOT_CLASS = YES_ERROR;
				CLANG_WARN_RANGE_LOOP_ANALYSIS = YES;
				CLANG_WARN_STRICT_PROTOTYPES = YES;
				CLANG_WARN_SUSPICIOUS_MOVE = YES;
				CLANG_WARN_UNGUARDED_AVAILABILITY = YES_AGGRESSIVE;
				CLANG_WARN_UNREACHABLE_CODE = YES;
				CLANG_WARN__DUPLICATE_METHOD_MATCH = YES;
				COPY_PHASE_STRIP = NO;
				DEBUG_INFORMATION_FORMAT = dwarf;
				ENABLE_STRICT_OBJC_MSGSEND = YES;
				ENABLE_TESTABILITY = YES;
				GCC_C_LANGUAGE_STANDARD = gnu11;
				GCC_DYNAMIC_NO_PIC = NO;
				GCC_NO_COMMON_BLOCKS = YES;
				GCC_OPTIMIZATION_LEVEL = 0;
				GCC_PREPROCESSOR_DEFINITIONS = (
					"DEBUG=1",
					"$(inherited)",
				);
				GCC_WARN_64_TO_32_BIT_CONVERSION = YES;
				GCC_WARN_ABOUT_RETURN_TYPE = YES_ERROR;
				GCC_WARN_UNDECLARED_SELECTOR = YES;
				GCC_WARN_UNINITIALIZED_AUTOS = YES_AGGRESSIVE;
				GCC_WARN_UNUSED_FUNCTION = YES;
				GCC_WARN_UNUSED_VARIABLE = YES;
				IPHONEOS_DEPLOYMENT_TARGET = 13.5;
				MTL_ENABLE_DEBUG_INFO = INCLUDE_SOURCE;
				MTL_FAST_MATH = YES;
				ONLY_ACTIVE_ARCH = YES;
				SDKROOT = iphoneos;
			};
			name = Debug;
		};
		11E60539257F493F004AE097 /* Release */ = {
			isa = XCBuildConfiguration;
			buildSettings = {
				ALWAYS_SEARCH_USER_PATHS = NO;
				CLANG_ANALYZER_NONNULL = YES;
				CLANG_ANALYZER_NUMBER_OBJECT_CONVERSION = YES_AGGRESSIVE;
				CLANG_CXX_LANGUAGE_STANDARD = "gnu++14";
				CLANG_CXX_LIBRARY = "libc++";
				CLANG_ENABLE_MODULES = YES;
				CLANG_ENABLE_OBJC_ARC = YES;
				CLANG_ENABLE_OBJC_WEAK = YES;
				CLANG_WARN_BLOCK_CAPTURE_AUTORELEASING = YES;
				CLANG_WARN_BOOL_CONVERSION = YES;
				CLANG_WARN_COMMA = YES;
				CLANG_WARN_CONSTANT_CONVERSION = YES;
				CLANG_WARN_DEPRECATED_OBJC_IMPLEMENTATIONS = YES;
				CLANG_WARN_DIRECT_OBJC_ISA_USAGE = YES_ERROR;
				CLANG_WARN_DOCUMENTATION_COMMENTS = YES;
				CLANG_WARN_EMPTY_BODY = YES;
				CLANG_WARN_ENUM_CONVERSION = YES;
				CLANG_WARN_INFINITE_RECURSION = YES;
				CLANG_WARN_INT_CONVERSION = YES;
				CLANG_WARN_NON_LITERAL_NULL_CONVERSION = YES;
				CLANG_WARN_OBJC_IMPLICIT_RETAIN_SELF = YES;
				CLANG_WARN_OBJC_LITERAL_CONVERSION = YES;
				CLANG_WARN_OBJC_ROOT_CLASS = YES_ERROR;
				CLANG_WARN_RANGE_LOOP_ANALYSIS = YES;
				CLANG_WARN_STRICT_PROTOTYPES = YES;
				CLANG_WARN_SUSPICIOUS_MOVE = YES;
				CLANG_WARN_UNGUARDED_AVAILABILITY = YES_AGGRESSIVE;
				CLANG_WARN_UNREACHABLE_CODE = YES;
				CLANG_WARN__DUPLICATE_METHOD_MATCH = YES;
				COPY_PHASE_STRIP = NO;
				DEBUG_INFORMATION_FORMAT = "dwarf-with-dsym";
				ENABLE_NS_ASSERTIONS = NO;
				ENABLE_STRICT_OBJC_MSGSEND = YES;
				GCC_C_LANGUAGE_STANDARD = gnu11;
				GCC_NO_COMMON_BLOCKS = YES;
				GCC_WARN_64_TO_32_BIT_CONVERSION = YES;
				GCC_WARN_ABOUT_RETURN_TYPE = YES_ERROR;
				GCC_WARN_UNDECLARED_SELECTOR = YES;
				GCC_WARN_UNINITIALIZED_AUTOS = YES_AGGRESSIVE;
				GCC_WARN_UNUSED_FUNCTION = YES;
				GCC_WARN_UNUSED_VARIABLE = YES;
				IPHONEOS_DEPLOYMENT_TARGET = 13.5;
				MTL_ENABLE_DEBUG_INFO = NO;
				MTL_FAST_MATH = YES;
				SDKROOT = iphoneos;
				VALIDATE_PRODUCT = YES;
			};
			name = Release;
		};
		11E6053B257F493F004AE097 /* Debug */ = {
			isa = XCBuildConfiguration;
			buildSettings = {
				ASSETCATALOG_COMPILER_APPICON_NAME = AppIcon;
				CODE_SIGN_STYLE = Automatic;
				DEVELOPMENT_TEAM = 962BW6QCNQ;
				INFOPLIST_FILE = CoreGraphics/Info.plist;
				LD_RUNPATH_SEARCH_PATHS = (
					"$(inherited)",
					"@executable_path/Frameworks",
				);
				PRODUCT_BUNDLE_IDENTIFIER = com.jumei.CoreGraphics;
				PRODUCT_NAME = "$(TARGET_NAME)";
				TARGETED_DEVICE_FAMILY = "1,2";
			};
			name = Debug;
		};
		11E6053C257F493F004AE097 /* Release */ = {
			isa = XCBuildConfiguration;
			buildSettings = {
				ASSETCATALOG_COMPILER_APPICON_NAME = AppIcon;
				CODE_SIGN_STYLE = Automatic;
				DEVELOPMENT_TEAM = 962BW6QCNQ;
				INFOPLIST_FILE = CoreGraphics/Info.plist;
				LD_RUNPATH_SEARCH_PATHS = (
					"$(inherited)",
					"@executable_path/Frameworks",
				);
				PRODUCT_BUNDLE_IDENTIFIER = com.jumei.CoreGraphics;
				PRODUCT_NAME = "$(TARGET_NAME)";
				TARGETED_DEVICE_FAMILY = "1,2";
			};
			name = Release;
		};
		11E6053E257F493F004AE097 /* Debug */ = {
			isa = XCBuildConfiguration;
			buildSettings = {
				BUNDLE_LOADER = "$(TEST_HOST)";
				CODE_SIGN_STYLE = Automatic;
				DEVELOPMENT_TEAM = 962BW6QCNQ;
				INFOPLIST_FILE = CoreGraphicsTests/Info.plist;
				IPHONEOS_DEPLOYMENT_TARGET = 13.5;
				LD_RUNPATH_SEARCH_PATHS = (
					"$(inherited)",
					"@executable_path/Frameworks",
					"@loader_path/Frameworks",
				);
				PRODUCT_BUNDLE_IDENTIFIER = com.jumei.CoreGraphicsTests;
				PRODUCT_NAME = "$(TARGET_NAME)";
				TARGETED_DEVICE_FAMILY = "1,2";
				TEST_HOST = "$(BUILT_PRODUCTS_DIR)/CoreGraphics.app/CoreGraphics";
			};
			name = Debug;
		};
		11E6053F257F493F004AE097 /* Release */ = {
			isa = XCBuildConfiguration;
			buildSettings = {
				BUNDLE_LOADER = "$(TEST_HOST)";
				CODE_SIGN_STYLE = Automatic;
				DEVELOPMENT_TEAM = 962BW6QCNQ;
				INFOPLIST_FILE = CoreGraphicsTests/Info.plist;
				IPHONEOS_DEPLOYMENT_TARGET = 13.5;
				LD_RUNPATH_SEARCH_PATHS = (
					"$(inherited)",
					"@executable_path/Frameworks",
					"@loader_path/Frameworks",
				);
				PRODUCT_BUNDLE_IDENTIFIER = com.jumei.CoreGraphicsTests;
				PRODUCT_NAME = "$(TARGET_NAME)";
				TARGETED_DEVICE_FAMILY = "1,2";
				TEST_HOST = "$(BUILT_PRODUCTS_DIR)/CoreGraphics.app/CoreGraphics";
			};
			name = Release;
		};
		11E60541257F493F004AE097 /* Debug */ = {
			isa = XCBuildConfiguration;
			buildSettings = {
				CODE_SIGN_STYLE = Automatic;
				DEVELOPMENT_TEAM = 962BW6QCNQ;
				INFOPLIST_FILE = CoreGraphicsUITests/Info.plist;
				LD_RUNPATH_SEARCH_PATHS = (
					"$(inherited)",
					"@executable_path/Frameworks",
					"@loader_path/Frameworks",
				);
				PRODUCT_BUNDLE_IDENTIFIER = com.jumei.CoreGraphicsUITests;
				PRODUCT_NAME = "$(TARGET_NAME)";
				TARGETED_DEVICE_FAMILY = "1,2";
				TEST_TARGET_NAME = CoreGraphics;
			};
			name = Debug;
		};
		11E60542257F493F004AE097 /* Release */ = {
			isa = XCBuildConfiguration;
			buildSettings = {
				CODE_SIGN_STYLE = Automatic;
				DEVELOPMENT_TEAM = 962BW6QCNQ;
				INFOPLIST_FILE = CoreGraphicsUITests/Info.plist;
				LD_RUNPATH_SEARCH_PATHS = (
					"$(inherited)",
					"@executable_path/Frameworks",
					"@loader_path/Frameworks",
				);
				PRODUCT_BUNDLE_IDENTIFIER = com.jumei.CoreGraphicsUITests;
				PRODUCT_NAME = "$(TARGET_NAME)";
				TARGETED_DEVICE_FAMILY = "1,2";
				TEST_TARGET_NAME = CoreGraphics;
			};
			name = Release;
		};
/* End XCBuildConfiguration section */

/* Begin XCConfigurationList section */
		11E60506257F493D004AE097 /* Build configuration list for PBXProject "CoreGraphics" */ = {
			isa = XCConfigurationList;
			buildConfigurations = (
				11E60538257F493F004AE097 /* Debug */,
				11E60539257F493F004AE097 /* Release */,
			);
			defaultConfigurationIsVisible = 0;
			defaultConfigurationName = Release;
		};
		11E6053A257F493F004AE097 /* Build configuration list for PBXNativeTarget "CoreGraphics" */ = {
			isa = XCConfigurationList;
			buildConfigurations = (
				11E6053B257F493F004AE097 /* Debug */,
				11E6053C257F493F004AE097 /* Release */,
			);
			defaultConfigurationIsVisible = 0;
			defaultConfigurationName = Release;
		};
		11E6053D257F493F004AE097 /* Build configuration list for PBXNativeTarget "CoreGraphicsTests" */ = {
			isa = XCConfigurationList;
			buildConfigurations = (
				11E6053E257F493F004AE097 /* Debug */,
				11E6053F257F493F004AE097 /* Release */,
			);
			defaultConfigurationIsVisible = 0;
			defaultConfigurationName = Release;
		};
		11E60540257F493F004AE097 /* Build configuration list for PBXNativeTarget "CoreGraphicsUITests" */ = {
			isa = XCConfigurationList;
			buildConfigurations = (
				11E60541257F493F004AE097 /* Debug */,
				11E60542257F493F004AE097 /* Release */,
			);
			defaultConfigurationIsVisible = 0;
			defaultConfigurationName = Release;
		};
/* End XCConfigurationList section */
	};
	rootObject = 11E60503257F493D004AE097 /* Project object */;
}
