// !$*UTF8*$!
{
	archiveVersion = 1;
	classes = {
	};
	objectVersion = 50;
	objects = {

/* Begin PBXBuildFile section */
		11E60510257F493D004AE097 /* AppDelegate.m in Sources */ = {isa = PBXBuildFile; fileRef = 11E6050F257F493D004AE097 /* AppDelegate.m */; };
		11E60519257F493D004AE097 /* Main.storyboard in Resources */ = {isa = PBXBuildFile; fileRef = 11E60517257F493D004AE097 /* Main.storyboard */; };
		11E6051B257F493F004AE097 /* Assets.xcassets in Resources */ = {isa = PBXBuildFile; fileRef = 11E6051A257F493F004AE097 /* Assets.xcassets */; };
		11E6051E257F493F004AE097 /* LaunchScreen.storyboard in Resources */ = {isa = PBXBuildFile; fileRef = 11E6051C257F493F004AE097 /* LaunchScreen.storyboard */; };
		11E60521257F493F004AE097 /* main.m in Sources */ = {isa = PBXBuildFile; fileRef = 11E60520257F493F004AE097 /* main.m */; };
		11E6052B257F493F004AE097 /* CoreGraphicsTests.m in Sources */ = {isa = PBXBuildFile; fileRef = 11E6052A257F493F004AE097 /* CoreGraphicsTests.m */; };
		11E60536257F493F004AE097 /* CoreGraphicsUITests.m in Sources */ = {isa = PBXBuildFile; fileRef = 11E60535257F493F004AE097 /* CoreGraphicsUITests.m */; };
		11E60547257F4AAE004AE097 /* OpaqueTypes.m in Sources */ = {isa = PBXBuildFile; fileRef = 11E60546257F4AAE004AE097 /* OpaqueTypes.m */; };
		11E6054A257F4AC9004AE097 /* Services.m in Sources */ = {isa = PBXBuildFile; fileRef = 11E60549257F4AC9004AE097 /* Services.m */; };
		11E6054D257F4ADC004AE097 /* Reference.m in Sources */ = {isa = PBXBuildFile; fileRef = 11E6054C257F4ADC004AE097 /* Reference.m */; };
		11E60550257F4B64004AE097 /* CoreGraphicsController.m in Sources */ = {isa = PBXBuildFile; fileRef = 11E6054F257F4B64004AE097 /* CoreGraphicsController.m */; };
/* End PBXBuildFile section */

/* Begin PBXContainerItemProxy section */
		11E60527257F493F004AE097 /* PBXContainerItemProxy */ = {
			isa = PBXContainerItemProxy;
			containerPortal = 11E60503257F493D004AE097 /* Project object */;
			proxyType = 1;
			remoteGlobalIDString = 11E6050A257F493D004AE097;
			remoteInfo = CoreGraphics;
		};
		11E60532257F493F004AE097 /* PBXContainerItemProxy */ = {
			isa = PBXContainerItemProxy;
			containerPortal = 11E60503257F493D004AE097 /* Project object */;
			proxyType = 1;
			remoteGlobalIDString = 11E6050A257F493D004AE097;
			remoteInfo = CoreGraphics;
		};
/* End PBXContainerItemProxy section */

/* Begin PBXFileReference section */
		11E6050B257F493D004AE097 /* CoreGraphics.app */ = {isa = PBXFileReference; explicitFileType = wrapper.application; includeInIndex = 0; path = CoreGraphics.app; sourceTree = BUILT_PRODUCTS_DIR; };
		11E6050E257F493D004AE097 /* AppDelegate.h */ = {isa = PBXFileReference; lastKnownFileType = sourcecode.c.h; path = AppDelegate.h; sourceTree = "<group>"; };
		11E6050F257F493D004AE097 /* AppDelegate.m */ = {isa = PBXFileReference; lastKnownFileType = sourcecode.c.objc; path = AppDelegate.m; sourceTree = "<group>"; };
		11E60518257F493D004AE097 /* Base */ = {isa = PBXFileReference; lastKnownFileType = file.storyboard; name = Base; path = Base.lproj/Main.storyboard; sourceTree = "<group>"; };
		11E6051A257F493F004AE097 /* Assets.xcassets */ = {isa = PBXFileReference; lastKnownFileType = folder.assetcatalog; path = Assets.xcassets; sourceTree = "<group>"; };
		11E6051D257F493F004AE097 /* Base */ = {isa = PBXFileReference; lastKnownFileType = file.storyboard; name = Base; path = Base.lproj/LaunchScreen.storyboard; sourceTree = "<group>"; };
		11E6051F257F493F004AE097 /* Info.plist */ = {isa = PBXFileReference; lastKnownFileType = text.plist.xml; path = Info.plist; sourceTree = "<group>"; };
		11E60520257F493F004AE097 /* main.m */ = {isa = PBXFileReference; lastKnownFileType = sourcecode.c.objc; path = main.m; sourceTree = "<group>"; };
		11E60526257F493F004AE097 /* CoreGraphicsTests.xctest */ = {isa = PBXFileReference; explicitFileType = wrapper.cfbundle; includeInIndex = 0; path = CoreGraphicsTests.xctest; sourceTree = BUILT_PRODUCTS_DIR; };
		11E6052A257F493F004AE097 /* CoreGraphicsTests.m */ = {isa = PBXFileReference; lastKnownFileType = sourcecode.c.objc; path = CoreGraphicsTests.m; sourceTree = "<group>"; };
		11E6052C257F493F004AE097 /* Info.plist */ = {isa = PBXFileReference; lastKnownFileType = text.plist.xml; path = Info.plist; sourceTree = "<group>"; };
		11E60531257F493F004AE097 /* CoreGraphicsUITests.xctest */ = {isa = PBXFileReference; explicitFileType = wrapper.cfbundle; includeInIndex = 0; path = CoreGraphicsUITests.xctest; sourceTree = BUILT_PRODUCTS_DIR; };
		11E60535257F493F004AE097 /* CoreGraphicsUITests.m */ = {isa = PBXFileReference; lastKnownFileType = sourcecode.c.objc; path = CoreGraphicsUITests.m; sourceTree = "<group>"; };
		11E60537257F493F004AE097 /* Info.plist */ = {isa = PBXFileReference; lastKnownFileType = text.plist.xml; path = Info.plist; sourceTree = "<group>"; };
		11E60545257F4AAE004AE097 /* OpaqueTypes.h */ = {isa = PBXFileReference; lastKnownFileType = sourcecode.c.h; path = OpaqueTypes.h; sourceTree = "<group>"; };
		11E60546257F4AAE004AE097 /* OpaqueTypes.m */ = {isa = PBXFileReference; lastKnownFileType = sourcecode.c.objc; path = OpaqueTypes.m; sourceTree = "<group>"; };
		11E60548257F4AC9004AE097 /* Services.h */ = {isa = PBXFileReference; lastKnownFileType = sourcecode.c.h; path = Services.h; sourceTree = "<group>"; };
		11E60549257F4AC9004AE097 /* Services.m */ = {isa = PBXFileReference; lastKnownFileType = sourcecode.c.objc; path = Services.m; sourceTree = "<group>"; };
		11E6054B257F4ADC004AE097 /* Reference.h */ = {isa = PBXFileReference; lastKnownFileType = sourcecode.c.h; path = Reference.h; sourceTree = "<group>"; };
		11E6054C257F4ADC004AE097 /* Reference.m */ = {isa = PBXFileReference; lastKnownFileType = sourcecode.c.objc; path = Reference.m; sourceTree = "<group>"; };
		11E6054E257F4B64004AE097 /* CoreGraphicsController.h */ = {isa = PBXFileReference; lastKnownFileType = sourcecode.c.h; path = CoreGraphicsController.h; sourceTree = "<group>"; };
		11E6054F257F4B64004AE097 /* CoreGraphicsController.m */ = {isa = PBXFileReference; lastKnownFileType = sourcecode.c.objc; path = CoreGraphicsController.m; sourceTree = "<group>"; };
/* End PBXFileReference section */

/* Begin PBXFrameworksBuildPhase section */
		11E60508257F493D004AE097 /* Frameworks */ = {
			isa = PBXFrameworksBuildPhase;
			buildActionMask = 2147483647;
			files = (
			);
			runOnlyForDeploymentPostprocessing = 0;
		};
		11E60523257F493F004AE097 /* Frameworks */ = {
			isa = PBXFrameworksBuildPhase;
			buildActionMask = 2147483647;
			files = (
			);
			runOnlyForDeploymentPostprocessing = 0;
		};
		11E6052E257F493F004AE097 /* Frameworks */ = {
			isa = PBXFrameworksBuildPhase;
			buildActionMask = 2147483647;
			files = (
			);
			runOnlyForDeploymentPostprocessing = 0;
		};
/* End PBXFrameworksBuildPhase section */

/* Begin PBXGroup section */
		11E60502257F493D004AE097 = {
			isa = PBXGroup;
			children = (
				11E6050D257F493D004AE097 /* CoreGraphics */,
				11E60529257F493F004AE097 /* CoreGraphicsTests */,
				11E60534257F493F004AE097 /* CoreGraphicsUITests */,
				11E6050C257F493D004AE097 /* Products */,
			);
			sourceTree = "<group>";
		};
		11E6050C257F493D004AE097 /* Products */ = {
			isa = PBXGroup;
			children = (
				11E6050B257F493D004AE097 /* CoreGraphics.app */,
				11E60526257F493F004AE097 /* CoreGraphicsTests.xctest */,
				11E60531257F493F004AE097 /* CoreGraphicsUITests.xctest */,
			);
			name = Products;
			sourceTree = "<group>";
		};
		11E6050D257F493D004AE097 /* CoreGraphics */ = {
			isa = PBXGroup;
			children = (
				11E60544257F49B9004AE097 /* QuartzCore */,
				11E60543257F49A7004AE097 /* CoreGraphics */,
				11E6050E257F493D004AE097 /* AppDelegate.h */,
				11E6050F257F493D004AE097 /* AppDelegate.m */,
				11E60517257F493D004AE097 /* Main.storyboard */,
				11E6051A257F493F004AE097 /* Assets.xcassets */,
				11E6051C257F493F004AE097 /* LaunchScreen.storyboard */,
				11E6051F257F493F004AE097 /* Info.plist */,
				11E60520257F493F004AE097 /* main.m */,
			);
			path = CoreGraphics;
			sourceTree = "<group>";
		};
		11E60529257F493F004AE097 /* CoreGraphicsTests */ = {
			isa = PBXGroup;
			children = (
				11E6052A257F493F004AE097 /* CoreGraphicsTests.m */,
				11E6052C257F493F004AE097 /* Info.plist */,
			);
			path = CoreGraphicsTests;
			sourceTree = "<group>";
		};
		11E60534257F493F004AE097 /* CoreGraphicsUITests */ = {
			isa = PBXGroup;
			children = (
				11E60535257F493F004AE097 /* CoreGraphicsUITests.m */,
				11E60537257F493F004AE097 /* Info.plist */,
			);
			path = CoreGraphicsUITests;
			sourceTree = "<group>";
		};
		11E60543257F49A7004AE097 /* CoreGraphics */ = {
			isa = PBXGroup;
			children = (
				11E6054E257F4B64004AE097 /* CoreGraphicsController.h */,
				11E6054F257F4B64004AE097 /* CoreGraphicsController.m */,
				11E60545257F4AAE004AE097 /* OpaqueTypes.h */,
				11E60546257F4AAE004AE097 /* OpaqueTypes.m */,
				11E60548257F4AC9004AE097 /* Services.h */,
				11E60549257F4AC9004AE097 /* Services.m */,
				11E6054B257F4ADC004AE097 /* Reference.h */,
				11E6054C257F4ADC004AE097 /* Reference.m */,
			);
			path = CoreGraphics;
			sourceTree = "<group>";
		};
		11E60544257F49B9004AE097 /* QuartzCore */ = {
			isa = PBXGroup;
			children = (
			);
			path = QuartzCore;
			sourceTree = "<group>";
		};
/* End PBXGroup section */

/* Begin PBXNativeTarget section */
		11E6050A257F493D004AE097 /* CoreGraphics */ = {
			isa = PBXNativeTarget;
			buildConfigurationList = 11E6053A257F493F004AE097 /* Build configuration list for PBXNativeTarget "CoreGraphics" */;
			buildPhases = (
				11E60507257F493D004AE097 /* Sources */,
				11E60508257F493D004AE097 /* Frameworks */,
				11E60509257F493D004AE097 /* Resources */,
			);
			buildRules = (
			);
			dependencies = (
			);
			name = CoreGraphics;
			productName = CoreGraphics;
			productReference = 11E6050B257F493D004AE097 /* CoreGraphics.app */;
			productType = "com.apple.product-type.application";
		};
		11E60525257F493F004AE097 /* CoreGraphicsTests */ = {
			isa = PBXNativeTarget;
			buildConfigurationList = 11E6053D257F493F004AE097 /* Build configuration list for PBXNativeTarget "CoreGraphicsTests" */;
			buildPhases = (
				11E60522257F493F004AE097 /* Sources */,
				11E60523257F493F004AE097 /* Frameworks */,
				11E60524257F493F004AE097 /* Resources */,
			);
			buildRules = (
			);
			dependencies = (
				11E60528257F493F004AE097 /* PBXTargetDependency */,
			);
			name = CoreGraphicsTests;
			productName = CoreGraphicsTests;
			productReference = 11E60526257F493F004AE097 /* CoreGraphicsTests.xctest */;
			productType = "com.apple.product-type.bundle.unit-test";
		};
		11E60530257F493F004AE097 /* CoreGraphicsUITests */ = {
			isa = PBXNativeTarget;
			buildConfigurationList = 11E60540257F493F004AE097 /* Build configuration list for PBXNativeTarget "CoreGraphicsUITests" */;
			buildPhases = (
				11E6052D257F493F004AE097 /* Sources */,
				11E6052E257F493F004AE097 /* Frameworks */,
				11E6052F257F493F004AE097 /* Resources */,
			);
			buildRules = (
			);
			dependencies = (
				11E60533257F493F004AE097 /* PBXTargetDependency */,
			);
			name = CoreGraphicsUITests;
			productName = CoreGraphicsUITests;
			productReference = 11E60531257F493F004AE097 /* CoreGraphicsUITests.xctest */;
			productType = "com.apple.product-type.bundle.ui-testing";
		};
/* End PBXNativeTarget section */

/* Begin PBXProject section */
		11E60503257F493D004AE097 /* Project object */ = {
			isa = PBXProject;
			attributes = {
				LastUpgradeCheck = 1150;
				ORGANIZATIONNAME = tigerfly;
				TargetAttributes = {
					11E6050A257F493D004AE097 = {
						CreatedOnToolsVersion = 11.5;
					};
					11E60525257F493F004AE097 = {
						CreatedOnToolsVersion = 11.5;
						TestTargetID = 11E6050A257F493D004AE097;
					};
					11E60530257F493F004AE097 = {
						CreatedOnToolsVersion = 11.5;
						TestTargetID = 11E6050A257F493D004AE097;
					};
				};
			};
			buildConfigurationList = 11E60506257F493D004AE097 /* Build configuration list for PBXProject "CoreGraphics" */;
			compatibilityVersion = "Xcode 9.3";
			developmentRegion = en;
			hasScannedForEncodings = 0;
			knownRegions = (
				en,
				Base,
			);
			mainGroup = 11E60502257F493D004AE097;
			productRefGroup = 11E6050C257F493D004AE097 /* Products */;
			projectDirPath = "";
			projectRoot = "";
			targets = (
				11E6050A257F493D004AE097 /* CoreGraphics */,
				11E60525257F493F004AE097 /* CoreGraphicsTests */,
				11E60530257F493F004AE097 /* CoreGraphicsUITests */,
			);
		};
/* End PBXProject section */

/* Begin PBXResourcesBuildPhase section */
		11E60509257F493D004AE097 /* Resources */ = {
			isa = PBXResourcesBuildPhase;
			buildActionMask = 2147483647;
			files = (
				11E6051E257F493F004AE097 /* LaunchScreen.storyboard in Resources */,
				11E6051B257F493F004AE097 /* Assets.xcassets in Resources */,
				11E60519257F493D004AE097 /* Main.storyboard in Resources */,
			);
			runOnlyForDeploymentPostprocessing = 0;
		};
		11E60524257F493F004AE097 /* Resources */ = {
			isa = PBXResourcesBuildPhase;
			buildActionMask = 2147483647;
			files = (
			);
			runOnlyForDeploymentPostprocessing = 0;
		};
		11E6052F257F493F004AE097 /* Resources */ = {
			isa = PBXResourcesBuildPhase;
			buildActionMask = 2147483647;
			files = (
			);
			runOnlyForDeploymentPostprocessing = 0;
		};
/* End PBXResourcesBuildPhase section */

/* Begin PBXSourcesBuildPhase section */
		11E60507257F493D004AE097 /* Sources */ = {
			isa = PBXSourcesBuildPhase;
			buildActionMask = 2147483647;
			files = (
				11E60547257F4AAE004AE097 /* OpaqueTypes.m in Sources */,
				11E6054A257F4AC9004AE097 /* Services.m in Sources */,
				11E6054D257F4ADC004AE097 /* Reference.m in Sources */,
				11E60510257F493D004AE097 /* AppDelegate.m in Sources */,
				11E60521257F493F004AE097 /* main.m in Sources */,
				11E60550257F4B64004AE097 /* CoreGraphicsController.m in Sources */,
			);
			runOnlyForDeploymentPostprocessing = 0;
		};
		11E60522257F493F004AE097 /* Sources */ = {
			isa = PBXSourcesBuildPhase;
			buildActionMask = 2147483647;
			files = (
				11E6052B257F493F004AE097 /* CoreGraphicsTests.m in Sources */,
			);
			runOnlyForDeploymentPostprocessing = 0;
		};
		11E6052D257F493F004AE097 /* Sources */ = {
			isa = PBXSourcesBuildPhase;
			buildActionMask = 2147483647;
			files = (
				11E60536257F493F004AE097 /* CoreGraphicsUITests.m in Sources */,
			);
			runOnlyForDeploymentPostprocessing = 0;
		};
/* End PBXSourcesBuildPhase section */

/* Begin PBXTargetDependency section */
		11E60528257F493F004AE097 /* PBXTargetDependency */ = {
			isa = PBXTargetDependency;
			target = 11E6050A257F493D004AE097 /* CoreGraphics */;
			targetProxy = 11E60527257F493F004AE097 /* PBXContainerItemProxy */;
		};
		11E60533257F493F004AE097 /* PBXTargetDependency */ = {
			isa = PBXTargetDependency;
			target = 11E6050A257F493D004AE097 /* CoreGraphics */;
			targetProxy = 11E60532257F493F004AE097 /* PBXContainerItemProxy */;
		};
/* End PBXTargetDependency section */

/* Begin PBXVariantGroup section */
		11E60517257F493D004AE097 /* Main.storyboard */ = {
			isa = PBXVariantGroup;
			children = (
				11E60518257F493D004AE097 /* Base */,
			);
			name = Main.storyboard;
			sourceTree = "<group>";
		};
		11E6051C257F493F004AE097 /* LaunchScreen.storyboard */ = {
			isa = PBXVariantGroup;
			children = (
				11E6051D257F493F004AE097 /* Base */,
			);
			name = LaunchScreen.storyboard;
			sourceTree = "<group>";
		};
/* End PBXVariantGroup section */

/* Begin XCBuildConfiguration section */
		11E60538257F493F004AE097 /* Debug */ = {
			isa = XCBuildConfiguration;
			buildSettings = {
				ALWAYS_SEARCH_USER_PATHS = NO;
				CLANG_ANALYZER_NONNULL = YES;
				CLANG_ANALYZER_NUMBER_OBJECT_CONVERSION = YES_AGGRESSIVE;
				CLANG_CXX_LANGUAGE_STANDARD = "gnu++14";
				CLANG_CXX_LIBRARY = "libc++";
				CLANG_ENABLE_MODULES = YES;
				CLANG_ENABLE_OBJC_ARC = YES;
				CLANG_ENABLE_OBJC_WEAK = YES;
				CLANG_WARN_BLOCK_CAPTURE_AUTORELEASING = YES;
				CLANG_WARN_BOOL_CONVERSION = YES;
				CLANG_WARN_COMMA = YES;
				CLANG_WARN_CONSTANT_CONVERSION = YES;
				CLANG_WARN_DEPRECATED_OBJC_IMPLEMENTATIONS = YES;
				CLANG_WARN_DIRECT_OBJC_ISA_USAGE = YES_ERROR;
				CLANG_WARN_DOCUMENTATION_COMMENTS = YES;
				CLANG_WARN_EMPTY_BODY = YES;
				CLANG_WARN_ENUM_CONVERSION = YES;
				CLANG_WARN_INFINITE_RECURSION = YES;
				CLANG_WARN_INT_CONVERSION = YES;
				CLANG_WARN_NON_LITERAL_NULL_CONVERSION = YES;
				CLANG_WARN_OBJC_IMPLICIT_RETAIN_SELF = YES;
				CLANG_WARN_OBJC_LITERAL_CONVERSION = YES;
				CLANG_WARN_OBJC_ROOT_CLASS = YES_ERROR;
				CLANG_WARN_RANGE_LOOP_ANALYSIS = YES;
				CLANG_WARN_STRICT_PROTOTYPES = YES;
				CLANG_WARN_SUSPICIOUS_MOVE = YES;
				CLANG_WARN_UNGUARDED_AVAILABILITY = YES_AGGRESSIVE;
				CLANG_WARN_UNREACHABLE_CODE = YES;
				CLANG_WARN__DUPLICATE_METHOD_MATCH = YES;
				COPY_PHASE_STRIP = NO;
				DEBUG_INFORMATION_FORMAT = dwarf;
				ENABLE_STRICT_OBJC_MSGSEND = YES;
				ENABLE_TESTABILITY = YES;
				GCC_C_LANGUAGE_STANDARD = gnu11;
				GCC_DYNAMIC_NO_PIC = NO;
				GCC_NO_COMMON_BLOCKS = YES;
				GCC_OPTIMIZATION_LEVEL = 0;
				GCC_PREPROCESSOR_DEFINITIONS = (
					"DEBUG=1",
					"$(inherited)",
				);
				GCC_WARN_64_TO_32_BIT_CONVERSION = YES;
				GCC_WARN_ABOUT_RETURN_TYPE = YES_ERROR;
				GCC_WARN_UNDECLARED_SELECTOR = YES;
				GCC_WARN_UNINITIALIZED_AUTOS = YES_AGGRESSIVE;
				GCC_WARN_UNUSED_FUNCTION = YES;
				GCC_WARN_UNUSED_VARIABLE = YES;
				IPHONEOS_DEPLOYMENT_TARGET = 13.5;
				MTL_ENABLE_DEBUG_INFO = INCLUDE_SOURCE;
				MTL_FAST_MATH = YES;
				ONLY_ACTIVE_ARCH = YES;
				SDKROOT = iphoneos;
			};
			name = Debug;
		};
		11E60539257F493F004AE097 /* Release */ = {
			isa = XCBuildConfiguration;
			buildSettings = {
				ALWAYS_SEARCH_USER_PATHS = NO;
				CLANG_ANALYZER_NONNULL = YES;
				CLANG_ANALYZER_NUMBER_OBJECT_CONVERSION = YES_AGGRESSIVE;
				CLANG_CXX_LANGUAGE_STANDARD = "gnu++14";
				CLANG_CXX_LIBRARY = "libc++";
				CLANG_ENABLE_MODULES = YES;
				CLANG_ENABLE_OBJC_ARC = YES;
				CLANG_ENABLE_OBJC_WEAK = YES;
				CLANG_WARN_BLOCK_CAPTURE_AUTORELEASING = YES;
				CLANG_WARN_BOOL_CONVERSION = YES;
				CLANG_WARN_COMMA = YES;
				CLANG_WARN_CONSTANT_CONVERSION = YES;
				CLANG_WARN_DEPRECATED_OBJC_IMPLEMENTATIONS = YES;
				CLANG_WARN_DIRECT_OBJC_ISA_USAGE = YES_ERROR;
				CLANG_WARN_DOCUMENTATION_COMMENTS = YES;
				CLANG_WARN_EMPTY_BODY = YES;
				CLANG_WARN_ENUM_CONVERSION = YES;
				CLANG_WARN_INFINITE_RECURSION = YES;
				CLANG_WARN_INT_CONVERSION = YES;
				CLANG_WARN_NON_LITERAL_NULL_CONVERSION = YES;
				CLANG_WARN_OBJC_IMPLICIT_RETAIN_SELF = YES;
				CLANG_WARN_OBJC_LITERAL_CONVERSION = YES;
				CLANG_WARN_OBJC_ROOT_CLASS = YES_ERROR;
				CLANG_WARN_RANGE_LOOP_ANALYSIS = YES;
				CLANG_WARN_STRICT_PROTOTYPES = YES;
				CLANG_WARN_SUSPICIOUS_MOVE = YES;
				CLANG_WARN_UNGUARDED_AVAILABILITY = YES_AGGRESSIVE;
				CLANG_WARN_UNREACHABLE_CODE = YES;
				CLANG_WARN__DUPLICATE_METHOD_MATCH = YES;
				COPY_PHASE_STRIP = NO;
				DEBUG_INFORMATION_FORMAT = "dwarf-with-dsym";
				ENABLE_NS_ASSERTIONS = NO;
				ENABLE_STRICT_OBJC_MSGSEND = YES;
				GCC_C_LANGUAGE_STANDARD = gnu11;
				GCC_NO_COMMON_BLOCKS = YES;
				GCC_WARN_64_TO_32_BIT_CONVERSION = YES;
				GCC_WARN_ABOUT_RETURN_TYPE = YES_ERROR;
				GCC_WARN_UNDECLARED_SELECTOR = YES;
				GCC_WARN_UNINITIALIZED_AUTOS = YES_AGGRESSIVE;
				GCC_WARN_UNUSED_FUNCTION = YES;
				GCC_WARN_UNUSED_VARIABLE = YES;
				IPHONEOS_DEPLOYMENT_TARGET = 13.5;
				MTL_ENABLE_DEBUG_INFO = NO;
				MTL_FAST_MATH = YES;
				SDKROOT = iphoneos;
				VALIDATE_PRODUCT = YES;
			};
			name = Release;
		};
		11E6053B257F493F004AE097 /* Debug */ = {
			isa = XCBuildConfiguration;
			buildSettings = {
				ASSETCATALOG_COMPILER_APPICON_NAME = AppIcon;
				CODE_SIGN_STYLE = Automatic;
				DEVELOPMENT_TEAM = 962BW6QCNQ;
				INFOPLIST_FILE = CoreGraphics/Info.plist;
				LD_RUNPATH_SEARCH_PATHS = (
					"$(inherited)",
					"@executable_path/Frameworks",
				);
				PRODUCT_BUNDLE_IDENTIFIER = com.jumei.CoreGraphics;
				PRODUCT_NAME = "$(TARGET_NAME)";
				TARGETED_DEVICE_FAMILY = "1,2";
			};
			name = Debug;
		};
		11E6053C257F493F004AE097 /* Release */ = {
			isa = XCBuildConfiguration;
			buildSettings = {
				ASSETCATALOG_COMPILER_APPICON_NAME = AppIcon;
				CODE_SIGN_STYLE = Automatic;
				DEVELOPMENT_TEAM = 962BW6QCNQ;
				INFOPLIST_FILE = CoreGraphics/Info.plist;
				LD_RUNPATH_SEARCH_PATHS = (
					"$(inherited)",
					"@executable_path/Frameworks",
				);
				PRODUCT_BUNDLE_IDENTIFIER = com.jumei.CoreGraphics;
				PRODUCT_NAME = "$(TARGET_NAME)";
				TARGETED_DEVICE_FAMILY = "1,2";
			};
			name = Release;
		};
		11E6053E257F493F004AE097 /* Debug */ = {
			isa = XCBuildConfiguration;
			buildSettings = {
				BUNDLE_LOADER = "$(TEST_HOST)";
				CODE_SIGN_STYLE = Automatic;
				DEVELOPMENT_TEAM = 962BW6QCNQ;
				INFOPLIST_FILE = CoreGraphicsTests/Info.plist;
				IPHONEOS_DEPLOYMENT_TARGET = 13.5;
				LD_RUNPATH_SEARCH_PATHS = (
					"$(inherited)",
					"@executable_path/Frameworks",
					"@loader_path/Frameworks",
				);
				PRODUCT_BUNDLE_IDENTIFIER = com.jumei.CoreGraphicsTests;
				PRODUCT_NAME = "$(TARGET_NAME)";
				TARGETED_DEVICE_FAMILY = "1,2";
				TEST_HOST = "$(BUILT_PRODUCTS_DIR)/CoreGraphics.app/CoreGraphics";
			};
			name = Debug;
		};
		11E6053F257F493F004AE097 /* Release */ = {
			isa = XCBuildConfiguration;
			buildSettings = {
				BUNDLE_LOADER = "$(TEST_HOST)";
				CODE_SIGN_STYLE = Automatic;
				DEVELOPMENT_TEAM = 962BW6QCNQ;
				INFOPLIST_FILE = CoreGraphicsTests/Info.plist;
				IPHONEOS_DEPLOYMENT_TARGET = 13.5;
				LD_RUNPATH_SEARCH_PATHS = (
					"$(inherited)",
					"@executable_path/Frameworks",
					"@loader_path/Frameworks",
				);
				PRODUCT_BUNDLE_IDENTIFIER = com.jumei.CoreGraphicsTests;
				PRODUCT_NAME = "$(TARGET_NAME)";
				TARGETED_DEVICE_FAMILY = "1,2";
				TEST_HOST = "$(BUILT_PRODUCTS_DIR)/CoreGraphics.app/CoreGraphics";
			};
			name = Release;
		};
		11E60541257F493F004AE097 /* Debug */ = {
			isa = XCBuildConfiguration;
			buildSettings = {
				CODE_SIGN_STYLE = Automatic;
				DEVELOPMENT_TEAM = 962BW6QCNQ;
				INFOPLIST_FILE = CoreGraphicsUITests/Info.plist;
				LD_RUNPATH_SEARCH_PATHS = (
					"$(inherited)",
					"@executable_path/Frameworks",
					"@loader_path/Frameworks",
				);
				PRODUCT_BUNDLE_IDENTIFIER = com.jumei.CoreGraphicsUITests;
				PRODUCT_NAME = "$(TARGET_NAME)";
				TARGETED_DEVICE_FAMILY = "1,2";
				TEST_TARGET_NAME = CoreGraphics;
			};
			name = Debug;
		};
		11E60542257F493F004AE097 /* Release */ = {
			isa = XCBuildConfiguration;
			buildSettings = {
				CODE_SIGN_STYLE = Automatic;
				DEVELOPMENT_TEAM = 962BW6QCNQ;
				INFOPLIST_FILE = CoreGraphicsUITests/Info.plist;
				LD_RUNPATH_SEARCH_PATHS = (
					"$(inherited)",
					"@executable_path/Frameworks",
					"@loader_path/Frameworks",
				);
				PRODUCT_BUNDLE_IDENTIFIER = com.jumei.CoreGraphicsUITests;
				PRODUCT_NAME = "$(TARGET_NAME)";
				TARGETED_DEVICE_FAMILY = "1,2";
				TEST_TARGET_NAME = CoreGraphics;
			};
			name = Release;
		};
/* End XCBuildConfiguration section */

/* Begin XCConfigurationList section */
		11E60506257F493D004AE097 /* Build configuration list for PBXProject "CoreGraphics" */ = {
			isa = XCConfigurationList;
			buildConfigurations = (
				11E60538257F493F004AE097 /* Debug */,
				11E60539257F493F004AE097 /* Release */,
			);
			defaultConfigurationIsVisible = 0;
			defaultConfigurationName = Release;
		};
		11E6053A257F493F004AE097 /* Build configuration list for PBXNativeTarget "CoreGraphics" */ = {
			isa = XCConfigurationList;
			buildConfigurations = (
				11E6053B257F493F004AE097 /* Debug */,
				11E6053C257F493F004AE097 /* Release */,
			);
			defaultConfigurationIsVisible = 0;
			defaultConfigurationName = Release;
		};
		11E6053D257F493F004AE097 /* Build configuration list for PBXNativeTarget "CoreGraphicsTests" */ = {
			isa = XCConfigurationList;
			buildConfigurations = (
				11E6053E257F493F004AE097 /* Debug */,
				11E6053F257F493F004AE097 /* Release */,
			);
			defaultConfigurationIsVisible = 0;
			defaultConfigurationName = Release;
		};
		11E60540257F493F004AE097 /* Build configuration list for PBXNativeTarget "CoreGraphicsUITests" */ = {
			isa = XCConfigurationList;
			buildConfigurations = (
				11E60541257F493F004AE097 /* Debug */,
				11E60542257F493F004AE097 /* Release */,
			);
			defaultConfigurationIsVisible = 0;
			defaultConfigurationName = Release;
		};
/* End XCConfigurationList section */
	};
	rootObject = 11E60503257F493D004AE097 /* Project object */;
}
